// !$*UTF8*$!
{
	archiveVersion = 1;
	classes = {
	};
	objectVersion = 46;
	objects = {

/* Begin PBXBuildFile section */
		E11F1FB31EE1B521008F9F0F /* AppDelegate.swift in Sources */ = {isa = PBXBuildFile; fileRef = E11F1FB21EE1B521008F9F0F /* AppDelegate.swift */; };
		E11F1FB51EE1B521008F9F0F /* ViewController.swift in Sources */ = {isa = PBXBuildFile; fileRef = E11F1FB41EE1B521008F9F0F /* ViewController.swift */; };
		E11F1FB81EE1B521008F9F0F /* Main.storyboard in Resources */ = {isa = PBXBuildFile; fileRef = E11F1FB61EE1B521008F9F0F /* Main.storyboard */; };
		E11F1FBA1EE1B521008F9F0F /* Assets.xcassets in Resources */ = {isa = PBXBuildFile; fileRef = E11F1FB91EE1B521008F9F0F /* Assets.xcassets */; };
		E11F1FBD1EE1B521008F9F0F /* LaunchScreen.storyboard in Resources */ = {isa = PBXBuildFile; fileRef = E11F1FBB1EE1B521008F9F0F /* LaunchScreen.storyboard */; };
		E11F1FD11EE1B54D008F9F0F /* CocoaAsyncSocket.framework in Frameworks */ = {isa = PBXBuildFile; fileRef = E11F1FD01EE1B54D008F9F0F /* CocoaAsyncSocket.framework */; };
		E11F1FD41EE1B57C008F9F0F /* CocoaAsyncSocket.framework in CopyFiles */ = {isa = PBXBuildFile; fileRef = E11F1FD31EE1B57C008F9F0F /* CocoaAsyncSocket.framework */; settings = {ATTRIBUTES = (CodeSignOnCopy, RemoveHeadersOnCopy, ); }; };
		E11F1FDC1EE1B5A2008F9F0F /* main.swift in Sources */ = {isa = PBXBuildFile; fileRef = E11F1FDB1EE1B5A2008F9F0F /* main.swift */; };
		E11F1FE21EE1B5CA008F9F0F /* CocoaAsyncSocket.framework in CopyFiles */ = {isa = PBXBuildFile; fileRef = E11F1FE11EE1B5CA008F9F0F /* CocoaAsyncSocket.framework */; settings = {ATTRIBUTES = (CodeSignOnCopy, RemoveHeadersOnCopy, ); }; };
		E11F1FE41EE1B730008F9F0F /* CameraController.swift in Sources */ = {isa = PBXBuildFile; fileRef = E11F1FE31EE1B730008F9F0F /* CameraController.swift */; };
		E11F1FE91EE1B7C1008F9F0F /* CameraServiceBrowser.swift in Sources */ = {isa = PBXBuildFile; fileRef = E11F1FE51EE1B7C1008F9F0F /* CameraServiceBrowser.swift */; };
		E11F1FEA1EE1B7C1008F9F0F /* DisplayController.swift in Sources */ = {isa = PBXBuildFile; fileRef = E11F1FE61EE1B7C1008F9F0F /* DisplayController.swift */; };
		E11F1FEB1EE1B7C1008F9F0F /* FullscreenWindow.swift in Sources */ = {isa = PBXBuildFile; fileRef = E11F1FE71EE1B7C1008F9F0F /* FullscreenWindow.swift */; };
		E11F1FEC1EE1B7C1008F9F0F /* PhotoReceiver.swift in Sources */ = {isa = PBXBuildFile; fileRef = E11F1FE81EE1B7C1008F9F0F /* PhotoReceiver.swift */; };
		E11F1FF01EE1B90F008F9F0F /* CameraInstructionPacket.swift in Sources */ = {isa = PBXBuildFile; fileRef = E11F1FED1EE1B90F008F9F0F /* CameraInstructionPacket.swift */; };
		E11F1FF11EE1B90F008F9F0F /* PhotoDataPacket.swift in Sources */ = {isa = PBXBuildFile; fileRef = E11F1FEE1EE1B90F008F9F0F /* PhotoDataPacket.swift */; };
		E11F1FF21EE1B90F008F9F0F /* Timing.swift in Sources */ = {isa = PBXBuildFile; fileRef = E11F1FEF1EE1B90F008F9F0F /* Timing.swift */; };
		E11F1FF51EE1BA96008F9F0F /* CocoaAsyncSocket.framework in CopyFiles */ = {isa = PBXBuildFile; fileRef = E11F1FF41EE1BA96008F9F0F /* CocoaAsyncSocket.framework */; settings = {ATTRIBUTES = (CodeSignOnCopy, RemoveHeadersOnCopy, ); }; };
		E11F1FF91EE1BBD7008F9F0F /* CameraPermissions.swift in Sources */ = {isa = PBXBuildFile; fileRef = E11F1FF61EE1BBD7008F9F0F /* CameraPermissions.swift */; };
		E11F1FFA1EE1BBD7008F9F0F /* CameraService.swift in Sources */ = {isa = PBXBuildFile; fileRef = E11F1FF71EE1BBD7008F9F0F /* CameraService.swift */; };
		E11F1FFB1EE1BBD7008F9F0F /* PhotoSender.swift in Sources */ = {isa = PBXBuildFile; fileRef = E11F1FF81EE1BBD7008F9F0F /* PhotoSender.swift */; };
		E11F1FFC1EE1BC36008F9F0F /* CameraInstructionPacket.swift in Sources */ = {isa = PBXBuildFile; fileRef = E11F1FED1EE1B90F008F9F0F /* CameraInstructionPacket.swift */; };
		E11F1FFD1EE1BC36008F9F0F /* PhotoDataPacket.swift in Sources */ = {isa = PBXBuildFile; fileRef = E11F1FEE1EE1B90F008F9F0F /* PhotoDataPacket.swift */; };
		E11F1FFE1EE1BC36008F9F0F /* Timing.swift in Sources */ = {isa = PBXBuildFile; fileRef = E11F1FEF1EE1B90F008F9F0F /* Timing.swift */; };
		E11F20001EE1E0A9008F9F0F /* AppDelegate.swift in Sources */ = {isa = PBXBuildFile; fileRef = E11F1FFF1EE1E0A9008F9F0F /* AppDelegate.swift */; };
		E13031541F018EF9009D126C /* libImg.armv7-g.a in Frameworks */ = {isa = PBXBuildFile; fileRef = E13031531F018EF9009D126C /* libImg.armv7-g.a */; };
		E13031551F019495009D126C /* libactivelighting.a in Frameworks */ = {isa = PBXBuildFile; fileRef = E1C97B1E1F015DD20066205B /* libactivelighting.a */; };
		E152C9FB1EE6FA8100AAD824 /* BinaryCodeDrawer.swift in Sources */ = {isa = PBXBuildFile; fileRef = E152C9FA1EE6FA8100AAD824 /* BinaryCodeDrawer.swift */; };
		E1765EB61EF9B997003A2BB3 /* minSW.dat in Resources */ = {isa = PBXBuildFile; fileRef = E1765EB51EF9B997003A2BB3 /* minSW.dat */; };
		E19202291EFDADA000247265 /* demo_iPhone-Bridging-Header.h in Sources */ = {isa = PBXBuildFile; fileRef = E19202261EFDAA1B00247265 /* demo_iPhone-Bridging-Header.h */; };
		E192022A1EFDAEA000247265 /* imageLib_wrapper.cpp in Sources */ = {isa = PBXBuildFile; fileRef = E19202271EFDAA1B00247265 /* imageLib_wrapper.cpp */; };
		E19A62111EFC17DB0013EA58 /* VideoPreviewView.swift in Sources */ = {isa = PBXBuildFile; fileRef = E19A62101EFC17DB0013EA58 /* VideoPreviewView.swift */; };
		E19B513F1EF4703400FD0538 /* thresholdKernel.cikernel in Resources */ = {isa = PBXBuildFile; fileRef = E19B513E1EF4703400FD0538 /* thresholdKernel.cikernel */; };
		E1B6BAF31EF99CDC00E7531C /* BinaryCodes.swift in Sources */ = {isa = PBXBuildFile; fileRef = E1B6BAF21EF99CDC00E7531C /* BinaryCodes.swift */; };
		E1B6BAF41EF99CDC00E7531C /* BinaryCodes.swift in Sources */ = {isa = PBXBuildFile; fileRef = E1B6BAF21EF99CDC00E7531C /* BinaryCodes.swift */; };
		E1BCA68A1EF3080900D67FEB /* CustomImageFilters.swift in Sources */ = {isa = PBXBuildFile; fileRef = E1BCA6891EF3080900D67FEB /* CustomImageFilters.swift */; };
		E1C97B1C1F0152000066205B /* activeLighting_wrapper.cpp in Sources */ = {isa = PBXBuildFile; fileRef = E1C97B1B1F0152000066205B /* activeLighting_wrapper.cpp */; };
		E1E8BB2D1EEB365C00F84F74 /* ImageProcessor.swift in Sources */ = {isa = PBXBuildFile; fileRef = E1E8BB2C1EEB365C00F84F74 /* ImageProcessor.swift */; };
		E1F4FF931EE9CFF6008E0096 /* ProgramControl.swift in Sources */ = {isa = PBXBuildFile; fileRef = E1F4FF921EE9CFF6008E0096 /* ProgramControl.swift */; };
		E1FF9E531EF3099C000606C9 /* differenceKernel.cikernel in Resources */ = {isa = PBXBuildFile; fileRef = E1FF9E511EF3099C000606C9 /* differenceKernel.cikernel */; };
		E1FF9E541EF3099C000606C9 /* extremesKernel.cikernel in Resources */ = {isa = PBXBuildFile; fileRef = E1FF9E521EF3099C000606C9 /* extremesKernel.cikernel */; };
		E1FF9E561EF30F2A000606C9 /* grayscaleKernel.cikernel in Resources */ = {isa = PBXBuildFile; fileRef = E1FF9E551EF30F2A000606C9 /* grayscaleKernel.cikernel */; };
/* End PBXBuildFile section */

/* Begin PBXContainerItemProxy section */
		E14699CE1EFD534D005967DA /* PBXContainerItemProxy */ = {
			isa = PBXContainerItemProxy;
			containerPortal = E14699C71EFD534D005967DA /* SerialTools.xcodeproj */;
			proxyType = 2;
			remoteGlobalIDString = OBJ_19;
			remoteInfo = SwiftSerial;
		};
		E14699D01EFD534D005967DA /* PBXContainerItemProxy */ = {
			isa = PBXContainerItemProxy;
			containerPortal = E14699C71EFD534D005967DA /* SerialTools.xcodeproj */;
			proxyType = 2;
			remoteGlobalIDString = OBJ_20;
			remoteInfo = SwitcherCtrl;
		};
		E14699D21EFD534D005967DA /* PBXContainerItemProxy */ = {
			isa = PBXContainerItemProxy;
			containerPortal = E14699C71EFD534D005967DA /* SerialTools.xcodeproj */;
			proxyType = 2;
			remoteGlobalIDString = OBJ_21;
			remoteInfo = SerialUtils;
		};
		E14699D41EFD534D005967DA /* PBXContainerItemProxy */ = {
			isa = PBXContainerItemProxy;
			containerPortal = E14699C71EFD534D005967DA /* SerialTools.xcodeproj */;
			proxyType = 2;
			remoteGlobalIDString = OBJ_22;
			remoteInfo = VXMCtrl;
		};
		E14699DB1EFD5355005967DA /* PBXContainerItemProxy */ = {
			isa = PBXContainerItemProxy;
			containerPortal = E14699C71EFD534D005967DA /* SerialTools.xcodeproj */;
			proxyType = 1;
			remoteGlobalIDString = OBJ_30;
			remoteInfo = SwitcherCtrl;
		};
		E14699DD1EFD5355005967DA /* PBXContainerItemProxy */ = {
			isa = PBXContainerItemProxy;
			containerPortal = E14699C71EFD534D005967DA /* SerialTools.xcodeproj */;
			proxyType = 1;
			remoteGlobalIDString = OBJ_50;
			remoteInfo = VXMCtrl;
		};
		E1C612641EFC54010084BB8E /* PBXContainerItemProxy */ = {
			isa = PBXContainerItemProxy;
			containerPortal = E1C6125C1EFC54000084BB8E /* SerialTools.xcodeproj */;
			proxyType = 2;
			remoteGlobalIDString = OBJ_21;
			remoteInfo = SwiftSerial;
		};
		E1C612661EFC54010084BB8E /* PBXContainerItemProxy */ = {
			isa = PBXContainerItemProxy;
			containerPortal = E1C6125C1EFC54000084BB8E /* SerialTools.xcodeproj */;
			proxyType = 2;
			remoteGlobalIDString = OBJ_22;
			remoteInfo = RigCtrl;
		};
		E1C612681EFC54010084BB8E /* PBXContainerItemProxy */ = {
			isa = PBXContainerItemProxy;
			containerPortal = E1C6125C1EFC54000084BB8E /* SerialTools.xcodeproj */;
			proxyType = 2;
			remoteGlobalIDString = OBJ_23;
			remoteInfo = SerialUtils;
		};
		E1C6126A1EFC54010084BB8E /* PBXContainerItemProxy */ = {
			isa = PBXContainerItemProxy;
			containerPortal = E1C6125C1EFC54000084BB8E /* SerialTools.xcodeproj */;
			proxyType = 2;
			remoteGlobalIDString = OBJ_24;
			remoteInfo = SwitcherCtrl;
		};
		E1C6126C1EFC54010084BB8E /* PBXContainerItemProxy */ = {
			isa = PBXContainerItemProxy;
			containerPortal = E1C6125C1EFC54000084BB8E /* SerialTools.xcodeproj */;
			proxyType = 2;
			remoteGlobalIDString = OBJ_25;
			remoteInfo = VXMCtrl;
		};
/* End PBXContainerItemProxy section */

/* Begin PBXCopyFilesBuildPhase section */
		E11F1FD21EE1B55B008F9F0F /* CopyFiles */ = {
			isa = PBXCopyFilesBuildPhase;
			buildActionMask = 2147483647;
			dstPath = "";
			dstSubfolderSpec = 10;
			files = (
				E11F1FD41EE1B57C008F9F0F /* CocoaAsyncSocket.framework in CopyFiles */,
			);
			runOnlyForDeploymentPostprocessing = 0;
		};
		E11F1FD71EE1B5A2008F9F0F /* CopyFiles */ = {
			isa = PBXCopyFilesBuildPhase;
			buildActionMask = 12;
			dstPath = usr/share/man/man1;
			dstSubfolderSpec = 10;
			files = (
				E11F1FE21EE1B5CA008F9F0F /* CocoaAsyncSocket.framework in CopyFiles */,
			);
			runOnlyForDeploymentPostprocessing = 0;
		};
		E11F1FF31EE1BA82008F9F0F /* CopyFiles */ = {
			isa = PBXCopyFilesBuildPhase;
			buildActionMask = 2147483647;
			dstPath = "";
			dstSubfolderSpec = 10;
			files = (
				E11F1FF51EE1BA96008F9F0F /* CocoaAsyncSocket.framework in CopyFiles */,
			);
			runOnlyForDeploymentPostprocessing = 0;
		};
/* End PBXCopyFilesBuildPhase section */

/* Begin PBXFileReference section */
		E11F1FA91EE1B4E7008F9F0F /* CocoaAsyncSocket.framework */ = {isa = PBXFileReference; lastKnownFileType = wrapper.framework; name = CocoaAsyncSocket.framework; path = Carthage/Build/Mac/CocoaAsyncSocket.framework; sourceTree = "<group>"; };
		E11F1FB01EE1B521008F9F0F /* demo_iPhone.app */ = {isa = PBXFileReference; explicitFileType = wrapper.application; includeInIndex = 0; path = demo_iPhone.app; sourceTree = BUILT_PRODUCTS_DIR; };
		E11F1FB21EE1B521008F9F0F /* AppDelegate.swift */ = {isa = PBXFileReference; lastKnownFileType = sourcecode.swift; path = AppDelegate.swift; sourceTree = "<group>"; };
		E11F1FB41EE1B521008F9F0F /* ViewController.swift */ = {isa = PBXFileReference; lastKnownFileType = sourcecode.swift; path = ViewController.swift; sourceTree = "<group>"; };
		E11F1FB71EE1B521008F9F0F /* Base */ = {isa = PBXFileReference; lastKnownFileType = file.storyboard; name = Base; path = Base.lproj/Main.storyboard; sourceTree = "<group>"; };
		E11F1FB91EE1B521008F9F0F /* Assets.xcassets */ = {isa = PBXFileReference; lastKnownFileType = folder.assetcatalog; path = Assets.xcassets; sourceTree = "<group>"; };
		E11F1FBC1EE1B521008F9F0F /* Base */ = {isa = PBXFileReference; lastKnownFileType = file.storyboard; name = Base; path = Base.lproj/LaunchScreen.storyboard; sourceTree = "<group>"; };
		E11F1FBE1EE1B521008F9F0F /* Info.plist */ = {isa = PBXFileReference; lastKnownFileType = text.plist.xml; path = Info.plist; sourceTree = "<group>"; };
		E11F1FD01EE1B54D008F9F0F /* CocoaAsyncSocket.framework */ = {isa = PBXFileReference; lastKnownFileType = wrapper.framework; name = CocoaAsyncSocket.framework; path = Carthage/Build/iOS/CocoaAsyncSocket.framework; sourceTree = "<group>"; };
		E11F1FD31EE1B57C008F9F0F /* CocoaAsyncSocket.framework */ = {isa = PBXFileReference; lastKnownFileType = wrapper.framework; name = CocoaAsyncSocket.framework; path = Carthage/Build/iOS/CocoaAsyncSocket.framework; sourceTree = "<group>"; };
		E11F1FD91EE1B5A2008F9F0F /* demo_mac */ = {isa = PBXFileReference; explicitFileType = "compiled.mach-o.executable"; includeInIndex = 0; path = demo_mac; sourceTree = BUILT_PRODUCTS_DIR; };
		E11F1FDB1EE1B5A2008F9F0F /* main.swift */ = {isa = PBXFileReference; lastKnownFileType = sourcecode.swift; path = main.swift; sourceTree = "<group>"; };
		E11F1FE11EE1B5CA008F9F0F /* CocoaAsyncSocket.framework */ = {isa = PBXFileReference; lastKnownFileType = wrapper.framework; name = CocoaAsyncSocket.framework; path = Carthage/Build/Mac/CocoaAsyncSocket.framework; sourceTree = "<group>"; };
		E11F1FE31EE1B730008F9F0F /* CameraController.swift */ = {isa = PBXFileReference; fileEncoding = 4; lastKnownFileType = sourcecode.swift; path = CameraController.swift; sourceTree = "<group>"; };
		E11F1FE51EE1B7C1008F9F0F /* CameraServiceBrowser.swift */ = {isa = PBXFileReference; fileEncoding = 4; lastKnownFileType = sourcecode.swift; path = CameraServiceBrowser.swift; sourceTree = "<group>"; };
		E11F1FE61EE1B7C1008F9F0F /* DisplayController.swift */ = {isa = PBXFileReference; fileEncoding = 4; lastKnownFileType = sourcecode.swift; path = DisplayController.swift; sourceTree = "<group>"; };
		E11F1FE71EE1B7C1008F9F0F /* FullscreenWindow.swift */ = {isa = PBXFileReference; fileEncoding = 4; lastKnownFileType = sourcecode.swift; path = FullscreenWindow.swift; sourceTree = "<group>"; };
		E11F1FE81EE1B7C1008F9F0F /* PhotoReceiver.swift */ = {isa = PBXFileReference; fileEncoding = 4; lastKnownFileType = sourcecode.swift; path = PhotoReceiver.swift; sourceTree = "<group>"; };
		E11F1FED1EE1B90F008F9F0F /* CameraInstructionPacket.swift */ = {isa = PBXFileReference; fileEncoding = 4; lastKnownFileType = sourcecode.swift; path = CameraInstructionPacket.swift; sourceTree = "<group>"; };
		E11F1FEE1EE1B90F008F9F0F /* PhotoDataPacket.swift */ = {isa = PBXFileReference; fileEncoding = 4; lastKnownFileType = sourcecode.swift; path = PhotoDataPacket.swift; sourceTree = "<group>"; };
		E11F1FEF1EE1B90F008F9F0F /* Timing.swift */ = {isa = PBXFileReference; fileEncoding = 4; lastKnownFileType = sourcecode.swift; path = Timing.swift; sourceTree = "<group>"; };
		E11F1FF41EE1BA96008F9F0F /* CocoaAsyncSocket.framework */ = {isa = PBXFileReference; lastKnownFileType = wrapper.framework; name = CocoaAsyncSocket.framework; path = Carthage/Build/Mac/CocoaAsyncSocket.framework; sourceTree = "<group>"; };
		E11F1FF61EE1BBD7008F9F0F /* CameraPermissions.swift */ = {isa = PBXFileReference; fileEncoding = 4; lastKnownFileType = sourcecode.swift; path = CameraPermissions.swift; sourceTree = "<group>"; };
		E11F1FF71EE1BBD7008F9F0F /* CameraService.swift */ = {isa = PBXFileReference; fileEncoding = 4; lastKnownFileType = sourcecode.swift; path = CameraService.swift; sourceTree = "<group>"; };
		E11F1FF81EE1BBD7008F9F0F /* PhotoSender.swift */ = {isa = PBXFileReference; fileEncoding = 4; lastKnownFileType = sourcecode.swift; path = PhotoSender.swift; sourceTree = "<group>"; };
		E11F1FFF1EE1E0A9008F9F0F /* AppDelegate.swift */ = {isa = PBXFileReference; fileEncoding = 4; lastKnownFileType = sourcecode.swift; path = AppDelegate.swift; sourceTree = "<group>"; };
		E128467E1EE7311E00727C30 /* minStripeWidthCodes.dat */ = {isa = PBXFileReference; lastKnownFileType = file; path = minStripeWidthCodes.dat; sourceTree = "<group>"; };
		E13031531F018EF9009D126C /* libImg.armv7-g.a */ = {isa = PBXFileReference; lastKnownFileType = archive.ar; name = "libImg.armv7-g.a"; path = "demo_iPhone/imageLib/libImg.armv7-g.a"; sourceTree = "<group>"; };
		E14699C71EFD534D005967DA /* SerialTools.xcodeproj */ = {isa = PBXFileReference; lastKnownFileType = "wrapper.pb-project"; name = SerialTools.xcodeproj; path = ../../SerialTools/SerialTools.xcodeproj; sourceTree = "<group>"; };
		E152C9FA1EE6FA8100AAD824 /* BinaryCodeDrawer.swift */ = {isa = PBXFileReference; fileEncoding = 4; lastKnownFileType = sourcecode.swift; path = BinaryCodeDrawer.swift; sourceTree = "<group>"; };
		E1765EB51EF9B997003A2BB3 /* minSW.dat */ = {isa = PBXFileReference; lastKnownFileType = file; path = minSW.dat; sourceTree = "<group>"; };
		E19202211EFDA97200247265 /* libimg.a */ = {isa = PBXFileReference; lastKnownFileType = archive.ar; name = libimg.a; path = ../../../../../../Volumes/nmosier/public_html/summer_research_2017/imageLib/cs453/hw1/imageLib/libimg.a; sourceTree = "<group>"; };
		E19202261EFDAA1B00247265 /* demo_iPhone-Bridging-Header.h */ = {isa = PBXFileReference; lastKnownFileType = sourcecode.c.h; path = "demo_iPhone-Bridging-Header.h"; sourceTree = "<group>"; };
		E19202271EFDAA1B00247265 /* imageLib_wrapper.cpp */ = {isa = PBXFileReference; fileEncoding = 4; lastKnownFileType = sourcecode.cpp.cpp; name = imageLib_wrapper.cpp; path = ../imageLib_wrapper.cpp; sourceTree = "<group>"; };
		E19A62101EFC17DB0013EA58 /* VideoPreviewView.swift */ = {isa = PBXFileReference; fileEncoding = 4; lastKnownFileType = sourcecode.swift; path = VideoPreviewView.swift; sourceTree = "<group>"; };
		E19B513E1EF4703400FD0538 /* thresholdKernel.cikernel */ = {isa = PBXFileReference; fileEncoding = 4; lastKnownFileType = text; path = thresholdKernel.cikernel; sourceTree = "<group>"; };
		E1B6BAF21EF99CDC00E7531C /* BinaryCodes.swift */ = {isa = PBXFileReference; fileEncoding = 4; lastKnownFileType = sourcecode.swift; path = BinaryCodes.swift; sourceTree = "<group>"; };
		E1BCA6891EF3080900D67FEB /* CustomImageFilters.swift */ = {isa = PBXFileReference; fileEncoding = 4; lastKnownFileType = sourcecode.swift; path = CustomImageFilters.swift; sourceTree = "<group>"; };
		E1C6125C1EFC54000084BB8E /* SerialTools.xcodeproj */ = {isa = PBXFileReference; lastKnownFileType = "wrapper.pb-project"; name = SerialTools.xcodeproj; path = ../SerialTools/SerialTools/SerialTools.xcodeproj; sourceTree = "<group>"; };
		E1C97B131F0146F30066205B /* libimg.a */ = {isa = PBXFileReference; lastKnownFileType = archive.ar; name = libimg.a; path = demo_iPhone/imageLib/libimg.a; sourceTree = "<group>"; };
		E1C97B151F01473A0066205B /* imageLib.h */ = {isa = PBXFileReference; fileEncoding = 4; lastKnownFileType = sourcecode.c.h; name = imageLib.h; path = imageLib/imageLib.h; sourceTree = "<group>"; };
		E1C97B161F0150BE0066205B /* libactiveLighting.a */ = {isa = PBXFileReference; lastKnownFileType = archive.ar; name = libactiveLighting.a; path = demo_iPhone/activeLighting/libactiveLighting.a; sourceTree = "<group>"; };
		E1C97B1B1F0152000066205B /* activeLighting_wrapper.cpp */ = {isa = PBXFileReference; fileEncoding = 4; lastKnownFileType = sourcecode.cpp.cpp; name = activeLighting_wrapper.cpp; path = activeLighting/activeLighting_wrapper.cpp; sourceTree = "<group>"; };
		E1C97B1E1F015DD20066205B /* libactivelighting.a */ = {isa = PBXFileReference; lastKnownFileType = archive.ar; name = libactivelighting.a; path = demo_iPhone/activeLighting/libactivelighting.a; sourceTree = "<group>"; };
		E1C97B201F015F280066205B /* ActiveLighting.h */ = {isa = PBXFileReference; fileEncoding = 4; lastKnownFileType = sourcecode.c.h; name = ActiveLighting.h; path = activeLighting/ActiveLighting.h; sourceTree = "<group>"; };
		E1E8BB2C1EEB365C00F84F74 /* ImageProcessor.swift */ = {isa = PBXFileReference; fileEncoding = 4; lastKnownFileType = sourcecode.swift; path = ImageProcessor.swift; sourceTree = "<group>"; };
		E1F4FF921EE9CFF6008E0096 /* ProgramControl.swift */ = {isa = PBXFileReference; fileEncoding = 4; lastKnownFileType = sourcecode.swift; path = ProgramControl.swift; sourceTree = "<group>"; };
		E1FF9E511EF3099C000606C9 /* differenceKernel.cikernel */ = {isa = PBXFileReference; fileEncoding = 4; lastKnownFileType = text; path = differenceKernel.cikernel; sourceTree = "<group>"; };
		E1FF9E521EF3099C000606C9 /* extremesKernel.cikernel */ = {isa = PBXFileReference; fileEncoding = 4; lastKnownFileType = text; path = extremesKernel.cikernel; sourceTree = "<group>"; };
		E1FF9E551EF30F2A000606C9 /* grayscaleKernel.cikernel */ = {isa = PBXFileReference; fileEncoding = 4; lastKnownFileType = text; path = grayscaleKernel.cikernel; sourceTree = "<group>"; };
/* End PBXFileReference section */

/* Begin PBXFrameworksBuildPhase section */
		E11F1FAD1EE1B521008F9F0F /* Frameworks */ = {
			isa = PBXFrameworksBuildPhase;
			buildActionMask = 2147483647;
			files = (
				E13031551F019495009D126C /* libactivelighting.a in Frameworks */,
				E13031541F018EF9009D126C /* libImg.armv7-g.a in Frameworks */,
				E11F1FD11EE1B54D008F9F0F /* CocoaAsyncSocket.framework in Frameworks */,
			);
			runOnlyForDeploymentPostprocessing = 0;
		};
		E11F1FD61EE1B5A2008F9F0F /* Frameworks */ = {
			isa = PBXFrameworksBuildPhase;
			buildActionMask = 2147483647;
			files = (
			);
			runOnlyForDeploymentPostprocessing = 0;
		};
/* End PBXFrameworksBuildPhase section */

/* Begin PBXGroup section */
		E11F1F951EE1B3B4008F9F0F = {
			isa = PBXGroup;
			children = (
				E1765EB51EF9B997003A2BB3 /* minSW.dat */,
				E1B6BAF21EF99CDC00E7531C /* BinaryCodes.swift */,
				E11F1FF41EE1BA96008F9F0F /* CocoaAsyncSocket.framework */,
				E11F1FED1EE1B90F008F9F0F /* CameraInstructionPacket.swift */,
				E11F1FEE1EE1B90F008F9F0F /* PhotoDataPacket.swift */,
				E11F1FEF1EE1B90F008F9F0F /* Timing.swift */,
				E11F1FE11EE1B5CA008F9F0F /* CocoaAsyncSocket.framework */,
				E11F1FD31EE1B57C008F9F0F /* CocoaAsyncSocket.framework */,
				E11F1FB11EE1B521008F9F0F /* demo_iPhone */,
				E11F1FDA1EE1B5A2008F9F0F /* demo_mac */,
				E11F1F9F1EE1B3B4008F9F0F /* Products */,
				E11F1FA81EE1B4E7008F9F0F /* Frameworks */,
				E19202261EFDAA1B00247265 /* demo_iPhone-Bridging-Header.h */,
			);
			sourceTree = "<group>";
		};
		E11F1F9F1EE1B3B4008F9F0F /* Products */ = {
			isa = PBXGroup;
			children = (
				E11F1FB01EE1B521008F9F0F /* demo_iPhone.app */,
				E11F1FD91EE1B5A2008F9F0F /* demo_mac */,
			);
			name = Products;
			sourceTree = "<group>";
		};
		E11F1FA81EE1B4E7008F9F0F /* Frameworks */ = {
			isa = PBXGroup;
			children = (
				E13031531F018EF9009D126C /* libImg.armv7-g.a */,
				E1C97B1E1F015DD20066205B /* libactivelighting.a */,
				E1C97B161F0150BE0066205B /* libactiveLighting.a */,
				E1C97B131F0146F30066205B /* libimg.a */,
				E19202211EFDA97200247265 /* libimg.a */,
				E1C6125C1EFC54000084BB8E /* SerialTools.xcodeproj */,
				E11F1FD01EE1B54D008F9F0F /* CocoaAsyncSocket.framework */,
				E11F1FA91EE1B4E7008F9F0F /* CocoaAsyncSocket.framework */,
			);
			name = Frameworks;
			sourceTree = "<group>";
		};
		E11F1FB11EE1B521008F9F0F /* demo_iPhone */ = {
			isa = PBXGroup;
			children = (
				E1C97B201F015F280066205B /* ActiveLighting.h */,
				E1C97B151F01473A0066205B /* imageLib.h */,
				E1C97B1B1F0152000066205B /* activeLighting_wrapper.cpp */,
				E19202271EFDAA1B00247265 /* imageLib_wrapper.cpp */,
				E1FF9E501EF30970000606C9 /* custom_kernels */,
				E11F1FF61EE1BBD7008F9F0F /* CameraPermissions.swift */,
				E11F1FF71EE1BBD7008F9F0F /* CameraService.swift */,
				E11F1FE31EE1B730008F9F0F /* CameraController.swift */,
				E19A62101EFC17DB0013EA58 /* VideoPreviewView.swift */,
				E11F1FF81EE1BBD7008F9F0F /* PhotoSender.swift */,
				E11F1FB21EE1B521008F9F0F /* AppDelegate.swift */,
				E11F1FB41EE1B521008F9F0F /* ViewController.swift */,
				E1E8BB2C1EEB365C00F84F74 /* ImageProcessor.swift */,
				E1BCA6891EF3080900D67FEB /* CustomImageFilters.swift */,
				E11F1FB61EE1B521008F9F0F /* Main.storyboard */,
				E11F1FB91EE1B521008F9F0F /* Assets.xcassets */,
				E11F1FBB1EE1B521008F9F0F /* LaunchScreen.storyboard */,
				E11F1FBE1EE1B521008F9F0F /* Info.plist */,
			);
			path = demo_iPhone;
			sourceTree = "<group>";
		};
		E11F1FDA1EE1B5A2008F9F0F /* demo_mac */ = {
			isa = PBXGroup;
			children = (
				E14699C71EFD534D005967DA /* SerialTools.xcodeproj */,
				E128467E1EE7311E00727C30 /* minStripeWidthCodes.dat */,
				E11F1FFF1EE1E0A9008F9F0F /* AppDelegate.swift */,
				E11F1FE51EE1B7C1008F9F0F /* CameraServiceBrowser.swift */,
				E11F1FE61EE1B7C1008F9F0F /* DisplayController.swift */,
				E11F1FE71EE1B7C1008F9F0F /* FullscreenWindow.swift */,
				E11F1FE81EE1B7C1008F9F0F /* PhotoReceiver.swift */,
				E152C9FA1EE6FA8100AAD824 /* BinaryCodeDrawer.swift */,
				E11F1FDB1EE1B5A2008F9F0F /* main.swift */,
				E1F4FF921EE9CFF6008E0096 /* ProgramControl.swift */,
			);
			path = demo_mac;
			sourceTree = "<group>";
		};
		E14699C81EFD534D005967DA /* Products */ = {
			isa = PBXGroup;
			children = (
				E14699CF1EFD534D005967DA /* SwiftSerial.framework */,
				E14699D11EFD534D005967DA /* SwitcherCtrl.framework */,
				E14699D31EFD534D005967DA /* SerialUtils.framework */,
				E14699D51EFD534D005967DA /* VXMCtrl.framework */,
			);
			name = Products;
			sourceTree = "<group>";
		};
		E1C6125D1EFC54000084BB8E /* Products */ = {
			isa = PBXGroup;
			children = (
				E1C612651EFC54010084BB8E /* SwiftSerial.framework */,
				E1C612671EFC54010084BB8E /* RigCtrl */,
				E1C612691EFC54010084BB8E /* SerialUtils.framework */,
				E1C6126B1EFC54010084BB8E /* SwitcherCtrl */,
				E1C6126D1EFC54010084BB8E /* VXMCtrl */,
			);
			name = Products;
			sourceTree = "<group>";
		};
		E1FF9E501EF30970000606C9 /* custom_kernels */ = {
			isa = PBXGroup;
			children = (
				E19B513E1EF4703400FD0538 /* thresholdKernel.cikernel */,
				E1FF9E511EF3099C000606C9 /* differenceKernel.cikernel */,
				E1FF9E521EF3099C000606C9 /* extremesKernel.cikernel */,
				E1FF9E551EF30F2A000606C9 /* grayscaleKernel.cikernel */,
			);
			name = custom_kernels;
			sourceTree = "<group>";
		};
/* End PBXGroup section */

/* Begin PBXNativeTarget section */
		E11F1FAF1EE1B521008F9F0F /* demo_iPhone */ = {
			isa = PBXNativeTarget;
			buildConfigurationList = E11F1FCA1EE1B521008F9F0F /* Build configuration list for PBXNativeTarget "demo_iPhone" */;
			buildPhases = (
				E11F1FAC1EE1B521008F9F0F /* Sources */,
				E11F1FAD1EE1B521008F9F0F /* Frameworks */,
				E11F1FAE1EE1B521008F9F0F /* Resources */,
				E11F1FD21EE1B55B008F9F0F /* CopyFiles */,
			);
			buildRules = (
			);
			dependencies = (
			);
			name = demo_iPhone;
			productName = demo_iPhone;
			productReference = E11F1FB01EE1B521008F9F0F /* demo_iPhone.app */;
			productType = "com.apple.product-type.application";
		};
		E11F1FD81EE1B5A2008F9F0F /* demo_mac */ = {
			isa = PBXNativeTarget;
			buildConfigurationList = E11F1FDD1EE1B5A2008F9F0F /* Build configuration list for PBXNativeTarget "demo_mac" */;
			buildPhases = (
				E11F1FD51EE1B5A2008F9F0F /* Sources */,
				E11F1FD61EE1B5A2008F9F0F /* Frameworks */,
				E11F1FD71EE1B5A2008F9F0F /* CopyFiles */,
				E11F1FF31EE1BA82008F9F0F /* CopyFiles */,
			);
			buildRules = (
			);
			dependencies = (
				E14699DC1EFD5355005967DA /* PBXTargetDependency */,
				E14699DE1EFD5355005967DA /* PBXTargetDependency */,
			);
			name = demo_mac;
			productName = demo_mac;
			productReference = E11F1FD91EE1B5A2008F9F0F /* demo_mac */;
			productType = "com.apple.product-type.tool";
		};
/* End PBXNativeTarget section */

/* Begin PBXProject section */
		E11F1F961EE1B3B4008F9F0F /* Project object */ = {
			isa = PBXProject;
			attributes = {
				LastSwiftUpdateCheck = 0830;
				LastUpgradeCheck = 0830;
				ORGANIZATIONNAME = "Nicholas Mosier";
				TargetAttributes = {
					E11F1FAF1EE1B521008F9F0F = {
						CreatedOnToolsVersion = 8.3.2;
						DevelopmentTeam = P4K2URYK54;
						LastSwiftMigration = 0830;
						ProvisioningStyle = Automatic;
					};
					E11F1FD81EE1B5A2008F9F0F = {
						CreatedOnToolsVersion = 8.3.2;
						DevelopmentTeam = P4K2URYK54;
						ProvisioningStyle = Automatic;
					};
				};
			};
			buildConfigurationList = E11F1F991EE1B3B4008F9F0F /* Build configuration list for PBXProject "demo" */;
			compatibilityVersion = "Xcode 3.2";
			developmentRegion = English;
			hasScannedForEncodings = 0;
			knownRegions = (
				en,
				Base,
			);
			mainGroup = E11F1F951EE1B3B4008F9F0F;
			productRefGroup = E11F1F9F1EE1B3B4008F9F0F /* Products */;
			projectDirPath = "";
			projectReferences = (
				{
					ProductGroup = E1C6125D1EFC54000084BB8E /* Products */;
					ProjectRef = E1C6125C1EFC54000084BB8E /* SerialTools.xcodeproj */;
				},
				{
					ProductGroup = E14699C81EFD534D005967DA /* Products */;
					ProjectRef = E14699C71EFD534D005967DA /* SerialTools.xcodeproj */;
				},
			);
			projectRoot = "";
			targets = (
				E11F1FAF1EE1B521008F9F0F /* demo_iPhone */,
				E11F1FD81EE1B5A2008F9F0F /* demo_mac */,
			);
		};
/* End PBXProject section */

/* Begin PBXReferenceProxy section */
		E14699CF1EFD534D005967DA /* SwiftSerial.framework */ = {
			isa = PBXReferenceProxy;
			fileType = wrapper.framework;
			path = SwiftSerial.framework;
			remoteRef = E14699CE1EFD534D005967DA /* PBXContainerItemProxy */;
			sourceTree = BUILT_PRODUCTS_DIR;
		};
		E14699D11EFD534D005967DA /* SwitcherCtrl.framework */ = {
			isa = PBXReferenceProxy;
			fileType = wrapper.framework;
			path = SwitcherCtrl.framework;
			remoteRef = E14699D01EFD534D005967DA /* PBXContainerItemProxy */;
			sourceTree = BUILT_PRODUCTS_DIR;
		};
		E14699D31EFD534D005967DA /* SerialUtils.framework */ = {
			isa = PBXReferenceProxy;
			fileType = wrapper.framework;
			path = SerialUtils.framework;
			remoteRef = E14699D21EFD534D005967DA /* PBXContainerItemProxy */;
			sourceTree = BUILT_PRODUCTS_DIR;
		};
		E14699D51EFD534D005967DA /* VXMCtrl.framework */ = {
			isa = PBXReferenceProxy;
			fileType = wrapper.framework;
			path = VXMCtrl.framework;
			remoteRef = E14699D41EFD534D005967DA /* PBXContainerItemProxy */;
			sourceTree = BUILT_PRODUCTS_DIR;
		};
		E1C612651EFC54010084BB8E /* SwiftSerial.framework */ = {
			isa = PBXReferenceProxy;
			fileType = wrapper.framework;
			path = SwiftSerial.framework;
			remoteRef = E1C612641EFC54010084BB8E /* PBXContainerItemProxy */;
			sourceTree = BUILT_PRODUCTS_DIR;
		};
		E1C612671EFC54010084BB8E /* RigCtrl */ = {
			isa = PBXReferenceProxy;
			fileType = text;
			path = RigCtrl;
			remoteRef = E1C612661EFC54010084BB8E /* PBXContainerItemProxy */;
			sourceTree = BUILT_PRODUCTS_DIR;
		};
		E1C612691EFC54010084BB8E /* SerialUtils.framework */ = {
			isa = PBXReferenceProxy;
			fileType = wrapper.framework;
			path = SerialUtils.framework;
			remoteRef = E1C612681EFC54010084BB8E /* PBXContainerItemProxy */;
			sourceTree = BUILT_PRODUCTS_DIR;
		};
		E1C6126B1EFC54010084BB8E /* SwitcherCtrl */ = {
			isa = PBXReferenceProxy;
			fileType = text;
			path = SwitcherCtrl;
			remoteRef = E1C6126A1EFC54010084BB8E /* PBXContainerItemProxy */;
			sourceTree = BUILT_PRODUCTS_DIR;
		};
		E1C6126D1EFC54010084BB8E /* VXMCtrl */ = {
			isa = PBXReferenceProxy;
			fileType = text;
			path = VXMCtrl;
			remoteRef = E1C6126C1EFC54010084BB8E /* PBXContainerItemProxy */;
			sourceTree = BUILT_PRODUCTS_DIR;
		};
/* End PBXReferenceProxy section */

/* Begin PBXResourcesBuildPhase section */
		E11F1FAE1EE1B521008F9F0F /* Resources */ = {
			isa = PBXResourcesBuildPhase;
			buildActionMask = 2147483647;
			files = (
				E1FF9E531EF3099C000606C9 /* differenceKernel.cikernel in Resources */,
				E19B513F1EF4703400FD0538 /* thresholdKernel.cikernel in Resources */,
				E11F1FBD1EE1B521008F9F0F /* LaunchScreen.storyboard in Resources */,
				E1FF9E541EF3099C000606C9 /* extremesKernel.cikernel in Resources */,
				E11F1FBA1EE1B521008F9F0F /* Assets.xcassets in Resources */,
				E11F1FB81EE1B521008F9F0F /* Main.storyboard in Resources */,
				E1765EB61EF9B997003A2BB3 /* minSW.dat in Resources */,
				E1FF9E561EF30F2A000606C9 /* grayscaleKernel.cikernel in Resources */,
			);
			runOnlyForDeploymentPostprocessing = 0;
		};
/* End PBXResourcesBuildPhase section */

/* Begin PBXSourcesBuildPhase section */
		E11F1FAC1EE1B521008F9F0F /* Sources */ = {
			isa = PBXSourcesBuildPhase;
			buildActionMask = 2147483647;
			files = (
				E192022A1EFDAEA000247265 /* imageLib_wrapper.cpp in Sources */,
				E19202291EFDADA000247265 /* demo_iPhone-Bridging-Header.h in Sources */,
				E11F1FFC1EE1BC36008F9F0F /* CameraInstructionPacket.swift in Sources */,
				E19A62111EFC17DB0013EA58 /* VideoPreviewView.swift in Sources */,
				E11F1FFD1EE1BC36008F9F0F /* PhotoDataPacket.swift in Sources */,
				E1E8BB2D1EEB365C00F84F74 /* ImageProcessor.swift in Sources */,
				E11F1FFE1EE1BC36008F9F0F /* Timing.swift in Sources */,
				E1BCA68A1EF3080900D67FEB /* CustomImageFilters.swift in Sources */,
				E11F1FFA1EE1BBD7008F9F0F /* CameraService.swift in Sources */,
				E11F1FE41EE1B730008F9F0F /* CameraController.swift in Sources */,
				E1B6BAF31EF99CDC00E7531C /* BinaryCodes.swift in Sources */,
				E11F1FB51EE1B521008F9F0F /* ViewController.swift in Sources */,
				E11F1FB31EE1B521008F9F0F /* AppDelegate.swift in Sources */,
				E1C97B1C1F0152000066205B /* activeLighting_wrapper.cpp in Sources */,
				E11F1FF91EE1BBD7008F9F0F /* CameraPermissions.swift in Sources */,
				E11F1FFB1EE1BBD7008F9F0F /* PhotoSender.swift in Sources */,
			);
			runOnlyForDeploymentPostprocessing = 0;
		};
		E11F1FD51EE1B5A2008F9F0F /* Sources */ = {
			isa = PBXSourcesBuildPhase;
			buildActionMask = 2147483647;
			files = (
				E1F4FF931EE9CFF6008E0096 /* ProgramControl.swift in Sources */,
				E11F1FEB1EE1B7C1008F9F0F /* FullscreenWindow.swift in Sources */,
				E11F1FF01EE1B90F008F9F0F /* CameraInstructionPacket.swift in Sources */,
				E11F1FF11EE1B90F008F9F0F /* PhotoDataPacket.swift in Sources */,
				E152C9FB1EE6FA8100AAD824 /* BinaryCodeDrawer.swift in Sources */,
				E11F20001EE1E0A9008F9F0F /* AppDelegate.swift in Sources */,
				E11F1FDC1EE1B5A2008F9F0F /* main.swift in Sources */,
				E1B6BAF41EF99CDC00E7531C /* BinaryCodes.swift in Sources */,
				E11F1FEC1EE1B7C1008F9F0F /* PhotoReceiver.swift in Sources */,
				E11F1FE91EE1B7C1008F9F0F /* CameraServiceBrowser.swift in Sources */,
				E11F1FEA1EE1B7C1008F9F0F /* DisplayController.swift in Sources */,
				E11F1FF21EE1B90F008F9F0F /* Timing.swift in Sources */,
			);
			runOnlyForDeploymentPostprocessing = 0;
		};
/* End PBXSourcesBuildPhase section */

/* Begin PBXTargetDependency section */
		E14699DC1EFD5355005967DA /* PBXTargetDependency */ = {
			isa = PBXTargetDependency;
			name = SwitcherCtrl;
			targetProxy = E14699DB1EFD5355005967DA /* PBXContainerItemProxy */;
		};
		E14699DE1EFD5355005967DA /* PBXTargetDependency */ = {
			isa = PBXTargetDependency;
			name = VXMCtrl;
			targetProxy = E14699DD1EFD5355005967DA /* PBXContainerItemProxy */;
		};
/* End PBXTargetDependency section */

/* Begin PBXVariantGroup section */
		E11F1FB61EE1B521008F9F0F /* Main.storyboard */ = {
			isa = PBXVariantGroup;
			children = (
				E11F1FB71EE1B521008F9F0F /* Base */,
			);
			name = Main.storyboard;
			sourceTree = "<group>";
		};
		E11F1FBB1EE1B521008F9F0F /* LaunchScreen.storyboard */ = {
			isa = PBXVariantGroup;
			children = (
				E11F1FBC1EE1B521008F9F0F /* Base */,
			);
			name = LaunchScreen.storyboard;
			sourceTree = "<group>";
		};
/* End PBXVariantGroup section */

/* Begin XCBuildConfiguration section */
		E11F1FA31EE1B3B4008F9F0F /* Debug */ = {
			isa = XCBuildConfiguration;
			buildSettings = {
				ALWAYS_SEARCH_USER_PATHS = NO;
				CLANG_ANALYZER_NONNULL = YES;
				CLANG_ANALYZER_NUMBER_OBJECT_CONVERSION = YES_AGGRESSIVE;
				CLANG_CXX_LANGUAGE_STANDARD = "gnu++0x";
				CLANG_CXX_LIBRARY = "libc++";
				CLANG_ENABLE_MODULES = YES;
				CLANG_ENABLE_OBJC_ARC = YES;
				CLANG_WARN_BOOL_CONVERSION = YES;
				CLANG_WARN_CONSTANT_CONVERSION = YES;
				CLANG_WARN_DIRECT_OBJC_ISA_USAGE = YES_ERROR;
				CLANG_WARN_DOCUMENTATION_COMMENTS = YES;
				CLANG_WARN_EMPTY_BODY = YES;
				CLANG_WARN_ENUM_CONVERSION = YES;
				CLANG_WARN_INFINITE_RECURSION = YES;
				CLANG_WARN_INT_CONVERSION = YES;
				CLANG_WARN_OBJC_ROOT_CLASS = YES_ERROR;
				CLANG_WARN_SUSPICIOUS_MOVE = YES;
				CLANG_WARN_UNREACHABLE_CODE = YES;
				CLANG_WARN__DUPLICATE_METHOD_MATCH = YES;
				CODE_SIGN_IDENTITY = "-";
				COPY_PHASE_STRIP = NO;
				DEBUG_INFORMATION_FORMAT = dwarf;
				ENABLE_STRICT_OBJC_MSGSEND = YES;
				ENABLE_TESTABILITY = YES;
				GCC_C_LANGUAGE_STANDARD = gnu99;
				GCC_DYNAMIC_NO_PIC = NO;
				GCC_NO_COMMON_BLOCKS = YES;
				GCC_OPTIMIZATION_LEVEL = 0;
				GCC_PREPROCESSOR_DEFINITIONS = (
					"DEBUG=1",
					"$(inherited)",
				);
				GCC_WARN_64_TO_32_BIT_CONVERSION = YES;
				GCC_WARN_ABOUT_RETURN_TYPE = YES_ERROR;
				GCC_WARN_UNDECLARED_SELECTOR = YES;
				GCC_WARN_UNINITIALIZED_AUTOS = YES_AGGRESSIVE;
				GCC_WARN_UNUSED_FUNCTION = YES;
				GCC_WARN_UNUSED_VARIABLE = YES;
				MACOSX_DEPLOYMENT_TARGET = 10.12;
				MTL_ENABLE_DEBUG_INFO = YES;
				ONLY_ACTIVE_ARCH = YES;
				SDKROOT = macosx;
				SWIFT_OPTIMIZATION_LEVEL = "-Onone";
			};
			name = Debug;
		};
		E11F1FA41EE1B3B4008F9F0F /* Release */ = {
			isa = XCBuildConfiguration;
			buildSettings = {
				ALWAYS_SEARCH_USER_PATHS = NO;
				CLANG_ANALYZER_NONNULL = YES;
				CLANG_ANALYZER_NUMBER_OBJECT_CONVERSION = YES_AGGRESSIVE;
				CLANG_CXX_LANGUAGE_STANDARD = "gnu++0x";
				CLANG_CXX_LIBRARY = "libc++";
				CLANG_ENABLE_MODULES = YES;
				CLANG_ENABLE_OBJC_ARC = YES;
				CLANG_WARN_BOOL_CONVERSION = YES;
				CLANG_WARN_CONSTANT_CONVERSION = YES;
				CLANG_WARN_DIRECT_OBJC_ISA_USAGE = YES_ERROR;
				CLANG_WARN_DOCUMENTATION_COMMENTS = YES;
				CLANG_WARN_EMPTY_BODY = YES;
				CLANG_WARN_ENUM_CONVERSION = YES;
				CLANG_WARN_INFINITE_RECURSION = YES;
				CLANG_WARN_INT_CONVERSION = YES;
				CLANG_WARN_OBJC_ROOT_CLASS = YES_ERROR;
				CLANG_WARN_SUSPICIOUS_MOVE = YES;
				CLANG_WARN_UNREACHABLE_CODE = YES;
				CLANG_WARN__DUPLICATE_METHOD_MATCH = YES;
				CODE_SIGN_IDENTITY = "-";
				COPY_PHASE_STRIP = NO;
				DEBUG_INFORMATION_FORMAT = "dwarf-with-dsym";
				ENABLE_NS_ASSERTIONS = NO;
				ENABLE_STRICT_OBJC_MSGSEND = YES;
				GCC_C_LANGUAGE_STANDARD = gnu99;
				GCC_NO_COMMON_BLOCKS = YES;
				GCC_WARN_64_TO_32_BIT_CONVERSION = YES;
				GCC_WARN_ABOUT_RETURN_TYPE = YES_ERROR;
				GCC_WARN_UNDECLARED_SELECTOR = YES;
				GCC_WARN_UNINITIALIZED_AUTOS = YES_AGGRESSIVE;
				GCC_WARN_UNUSED_FUNCTION = YES;
				GCC_WARN_UNUSED_VARIABLE = YES;
				MACOSX_DEPLOYMENT_TARGET = 10.12;
				MTL_ENABLE_DEBUG_INFO = NO;
				SDKROOT = macosx;
			};
			name = Release;
		};
		E11F1FCB1EE1B521008F9F0F /* Debug */ = {
			isa = XCBuildConfiguration;
			buildSettings = {
				ASSETCATALOG_COMPILER_APPICON_NAME = AppIcon;
				CLANG_ENABLE_MODULES = YES;
				"CODE_SIGN_IDENTITY[sdk=iphoneos*]" = "iPhone Developer";
				DEVELOPMENT_TEAM = P4K2URYK54;
				FRAMEWORK_SEARCH_PATHS = (
					"$(inherited)",
					"$(PROJECT_DIR)/Carthage/Build/iOS",
				);
				INFOPLIST_FILE = demo_iPhone/Info.plist;
				IPHONEOS_DEPLOYMENT_TARGET = 10.3;
				LD_RUNPATH_SEARCH_PATHS = "$(inherited) @executable_path/Frameworks";
				LIBRARY_SEARCH_PATHS = (
					"$(inherited)",
					"$(PROJECT_DIR)/imageLib",
					"$(PROJECT_DIR)/demo_iPhone/imageLib",
					"$(PROJECT_DIR)/demo_iPhone/activeLighting",
				);
				PRODUCT_BUNDLE_IDENTIFIER = "com.example.demo-iPhone";
				PRODUCT_NAME = "$(TARGET_NAME)";
				SDKROOT = iphoneos;
				SWIFT_ACTIVE_COMPILATION_CONDITIONS = DEBUG;
				SWIFT_OBJC_BRIDGING_HEADER = "demo_iPhone-Bridging-Header.h";
				SWIFT_OPTIMIZATION_LEVEL = "-Onone";
				SWIFT_VERSION = 3.0;
			};
			name = Debug;
		};
		E11F1FCC1EE1B521008F9F0F /* Release */ = {
			isa = XCBuildConfiguration;
			buildSettings = {
				ASSETCATALOG_COMPILER_APPICON_NAME = AppIcon;
				CLANG_ENABLE_MODULES = YES;
				"CODE_SIGN_IDENTITY[sdk=iphoneos*]" = "iPhone Developer";
				DEVELOPMENT_TEAM = P4K2URYK54;
				FRAMEWORK_SEARCH_PATHS = (
					"$(inherited)",
					"$(PROJECT_DIR)/Carthage/Build/iOS",
				);
				INFOPLIST_FILE = demo_iPhone/Info.plist;
				IPHONEOS_DEPLOYMENT_TARGET = 10.3;
				LD_RUNPATH_SEARCH_PATHS = "$(inherited) @executable_path/Frameworks";
				LIBRARY_SEARCH_PATHS = (
					"$(inherited)",
					"$(PROJECT_DIR)/imageLib",
					"$(PROJECT_DIR)/demo_iPhone/imageLib",
					"$(PROJECT_DIR)/demo_iPhone/activeLighting",
				);
				PRODUCT_BUNDLE_IDENTIFIER = "com.example.demo-iPhone";
				PRODUCT_NAME = "$(TARGET_NAME)";
				SDKROOT = iphoneos;
				SWIFT_OBJC_BRIDGING_HEADER = "demo_iPhone-Bridging-Header.h";
				SWIFT_OPTIMIZATION_LEVEL = "-Owholemodule";
				SWIFT_VERSION = 3.0;
				VALIDATE_PRODUCT = YES;
			};
			name = Release;
		};
		E11F1FDE1EE1B5A2008F9F0F /* Debug */ = {
			isa = XCBuildConfiguration;
			buildSettings = {
				DEVELOPMENT_TEAM = P4K2URYK54;
				FRAMEWORK_SEARCH_PATHS = (
					"$(inherited)",
					"$(PROJECT_DIR)/Carthage/Build/Mac",
				);
				PRODUCT_NAME = "$(TARGET_NAME)";
				SWIFT_VERSION = 3.0;
			};
			name = Debug;
		};
		E11F1FDF1EE1B5A2008F9F0F /* Release */ = {
			isa = XCBuildConfiguration;
			buildSettings = {
				DEVELOPMENT_TEAM = P4K2URYK54;
				FRAMEWORK_SEARCH_PATHS = (
					"$(inherited)",
					"$(PROJECT_DIR)/Carthage/Build/Mac",
				);
				PRODUCT_NAME = "$(TARGET_NAME)";
				SWIFT_VERSION = 3.0;
			};
			name = Release;
		};
/* End XCBuildConfiguration section */

/* Begin XCConfigurationList section */
		E11F1F991EE1B3B4008F9F0F /* Build configuration list for PBXProject "demo" */ = {
			isa = XCConfigurationList;
			buildConfigurations = (
				E11F1FA31EE1B3B4008F9F0F /* Debug */,
				E11F1FA41EE1B3B4008F9F0F /* Release */,
			);
			defaultConfigurationIsVisible = 0;
			defaultConfigurationName = Release;
		};
		E11F1FCA1EE1B521008F9F0F /* Build configuration list for PBXNativeTarget "demo_iPhone" */ = {
			isa = XCConfigurationList;
			buildConfigurations = (
				E11F1FCB1EE1B521008F9F0F /* Debug */,
				E11F1FCC1EE1B521008F9F0F /* Release */,
			);
			defaultConfigurationIsVisible = 0;
			defaultConfigurationName = Release;
		};
		E11F1FDD1EE1B5A2008F9F0F /* Build configuration list for PBXNativeTarget "demo_mac" */ = {
			isa = XCConfigurationList;
			buildConfigurations = (
				E11F1FDE1EE1B5A2008F9F0F /* Debug */,
				E11F1FDF1EE1B5A2008F9F0F /* Release */,
			);
			defaultConfigurationIsVisible = 0;
			defaultConfigurationName = Release;
		};
/* End XCConfigurationList section */
	};
	rootObject = E11F1F961EE1B3B4008F9F0F /* Project object */;
}
