// !$*UTF8*$!
{
	archiveVersion = 1;
	classes = {
	};
	objectVersion = 46;
	objects = {

/* Begin PBXBuildFile section */
		E10205B120C085C000A003BE /* Globals.swift in Sources */ = {isa = PBXBuildFile; fileRef = E10205B020C085C000A003BE /* Globals.swift */; };
		E11F1FB31EE1B521008F9F0F /* AppDelegate.swift in Sources */ = {isa = PBXBuildFile; fileRef = E11F1FB21EE1B521008F9F0F /* AppDelegate.swift */; };
		E11F1FB51EE1B521008F9F0F /* ViewController.swift in Sources */ = {isa = PBXBuildFile; fileRef = E11F1FB41EE1B521008F9F0F /* ViewController.swift */; };
		E11F1FB81EE1B521008F9F0F /* Main.storyboard in Resources */ = {isa = PBXBuildFile; fileRef = E11F1FB61EE1B521008F9F0F /* Main.storyboard */; };
		E11F1FBA1EE1B521008F9F0F /* Assets.xcassets in Resources */ = {isa = PBXBuildFile; fileRef = E11F1FB91EE1B521008F9F0F /* Assets.xcassets */; };
		E11F1FBD1EE1B521008F9F0F /* LaunchScreen.storyboard in Resources */ = {isa = PBXBuildFile; fileRef = E11F1FBB1EE1B521008F9F0F /* LaunchScreen.storyboard */; };
		E11F1FE41EE1B730008F9F0F /* CameraController.swift in Sources */ = {isa = PBXBuildFile; fileRef = E11F1FE31EE1B730008F9F0F /* CameraController.swift */; };
		E11F1FF91EE1BBD7008F9F0F /* CameraPermissions.swift in Sources */ = {isa = PBXBuildFile; fileRef = E11F1FF61EE1BBD7008F9F0F /* CameraPermissions.swift */; };
		E11F1FFA1EE1BBD7008F9F0F /* CameraService.swift in Sources */ = {isa = PBXBuildFile; fileRef = E11F1FF71EE1BBD7008F9F0F /* CameraService.swift */; };
		E11F1FFB1EE1BBD7008F9F0F /* PhotoSender.swift in Sources */ = {isa = PBXBuildFile; fileRef = E11F1FF81EE1BBD7008F9F0F /* PhotoSender.swift */; };
		E11F1FFC1EE1BC36008F9F0F /* CameraInstructionPacket.swift in Sources */ = {isa = PBXBuildFile; fileRef = E11F1FED1EE1B90F008F9F0F /* CameraInstructionPacket.swift */; };
		E11F1FFD1EE1BC36008F9F0F /* PhotoDataPacket.swift in Sources */ = {isa = PBXBuildFile; fileRef = E11F1FEE1EE1B90F008F9F0F /* PhotoDataPacket.swift */; };
		E11F1FFE1EE1BC36008F9F0F /* Timing.swift in Sources */ = {isa = PBXBuildFile; fileRef = E11F1FEF1EE1B90F008F9F0F /* Timing.swift */; };
		E1268D7920FD30DF002BB095 /* MotionRecorder.swift in Sources */ = {isa = PBXBuildFile; fileRef = E1268D7820FD30DF002BB095 /* MotionRecorder.swift */; };
		E136681E1F1E505800BC561A /* Utils.swift in Sources */ = {isa = PBXBuildFile; fileRef = E136681D1F1E505800BC561A /* Utils.swift */; };
		E15D3BC120BF47880058AD1A /* SceneMetadata.swift in Sources */ = {isa = PBXBuildFile; fileRef = E15D3BC020BF47880058AD1A /* SceneMetadata.swift */; };
		E1682DC820F94B5200DF0FD4 /* Utils.swift in Sources */ = {isa = PBXBuildFile; fileRef = E136681D1F1E505800BC561A /* Utils.swift */; };
		E1682DC920F94B5200DF0FD4 /* Parameters.h in Sources */ = {isa = PBXBuildFile; fileRef = E14CDBD820F4ED5E004AF1B6 /* Parameters.h */; };
		E1682DCA20F94B5200DF0FD4 /* Debug.swift in Sources */ = {isa = PBXBuildFile; fileRef = E1BBBACF20BC76A100E57123 /* Debug.swift */; };
		E1682DCB20F94B5200DF0FD4 /* minSW.dat in Sources */ = {isa = PBXBuildFile; fileRef = E1765EB51EF9B997003A2BB3 /* minSW.dat */; };
		E1682DCC20F94B5200DF0FD4 /* BinaryCodes.swift in Sources */ = {isa = PBXBuildFile; fileRef = E1B6BAF21EF99CDC00E7531C /* BinaryCodes.swift */; };
		E1682DCD20F94B5200DF0FD4 /* CameraInstructionPacket.swift in Sources */ = {isa = PBXBuildFile; fileRef = E11F1FED1EE1B90F008F9F0F /* CameraInstructionPacket.swift */; };
		E1682DCE20F94B5200DF0FD4 /* PhotoDataPacket.swift in Sources */ = {isa = PBXBuildFile; fileRef = E11F1FEE1EE1B90F008F9F0F /* PhotoDataPacket.swift */; };
		E1682DCF20F94B5200DF0FD4 /* SceneMetadata.swift in Sources */ = {isa = PBXBuildFile; fileRef = E15D3BC020BF47880058AD1A /* SceneMetadata.swift */; };
		E1682DD020F94B5200DF0FD4 /* Timing.swift in Sources */ = {isa = PBXBuildFile; fileRef = E11F1FEF1EE1B90F008F9F0F /* Timing.swift */; };
		E1682DD120F94B7300DF0FD4 /* minStripeWidthCodes.dat in Sources */ = {isa = PBXBuildFile; fileRef = E128467E1EE7311E00727C30 /* minStripeWidthCodes.dat */; };
		E1682DD220F94B7300DF0FD4 /* CameraServiceBrowser.swift in Sources */ = {isa = PBXBuildFile; fileRef = E11F1FE51EE1B7C1008F9F0F /* CameraServiceBrowser.swift */; };
		E1682DD320F94B7300DF0FD4 /* PhotoReceiver.swift in Sources */ = {isa = PBXBuildFile; fileRef = E11F1FE81EE1B7C1008F9F0F /* PhotoReceiver.swift */; };
		E1682DD420F94B7300DF0FD4 /* DisplayController.swift in Sources */ = {isa = PBXBuildFile; fileRef = E11F1FE61EE1B7C1008F9F0F /* DisplayController.swift */; };
		E1682DD520F94B7300DF0FD4 /* FullscreenWindow.swift in Sources */ = {isa = PBXBuildFile; fileRef = E11F1FE71EE1B7C1008F9F0F /* FullscreenWindow.swift */; };
		E1682DD620F94B7300DF0FD4 /* BinaryCodeDrawer.swift in Sources */ = {isa = PBXBuildFile; fileRef = E152C9FA1EE6FA8100AAD824 /* BinaryCodeDrawer.swift */; };
		E1682DD720F94B7300DF0FD4 /* ProgramControl.swift in Sources */ = {isa = PBXBuildFile; fileRef = E1F4FF921EE9CFF6008E0096 /* ProgramControl.swift */; };
		E1682DD820F94B7300DF0FD4 /* SettingsManager.swift in Sources */ = {isa = PBXBuildFile; fileRef = E1269FA51F0D3B3700079CC3 /* SettingsManager.swift */; };
		E1682DDA20F94B7300DF0FD4 /* MobileLighting_Mac-Bridging-Header.h in Sources */ = {isa = PBXBuildFile; fileRef = E14473FB1F03DE590029B3F0 /* MobileLighting_Mac-Bridging-Header.h */; };
		E1682DDC20F94B7300DF0FD4 /* DirectoryStructure.swift in Sources */ = {isa = PBXBuildFile; fileRef = E1A2165620C841000016DFC6 /* DirectoryStructure.swift */; };
		E1682DDD20F94B7300DF0FD4 /* Trajectory.swift in Sources */ = {isa = PBXBuildFile; fileRef = E1682DA020F9322200DF0FD4 /* Trajectory.swift */; };
		E1682DE020F94BA900DF0FD4 /* libactiveLighting.a in Frameworks */ = {isa = PBXBuildFile; fileRef = E147576620F78F6D00BE5219 /* libactiveLighting.a */; };
		E1682DE120F94BA900DF0FD4 /* libRobotControl.a in Frameworks */ = {isa = PBXBuildFile; fileRef = E1A2172A20C9B6590016DFC6 /* libRobotControl.a */; };
		E1682DE720F94C1F00DF0FD4 /* libopencv_aruco.3.4.1.dylib in Frameworks */ = {isa = PBXBuildFile; fileRef = E19CC8C320D42092009DA6FC /* libopencv_aruco.3.4.1.dylib */; };
		E1682DE820F94C1F00DF0FD4 /* libopencv_imgcodecs.3.4.1.dylib in Frameworks */ = {isa = PBXBuildFile; fileRef = E114D51D20CF200E00020017 /* libopencv_imgcodecs.3.4.1.dylib */; };
		E1682DE920F94C1F00DF0FD4 /* libopencv_videoio.3.4.1.dylib in Frameworks */ = {isa = PBXBuildFile; fileRef = E19CC8C520D420C7009DA6FC /* libopencv_videoio.3.4.1.dylib */; };
		E1682DEA20F94C1F00DF0FD4 /* libpng16.16.dylib in Frameworks */ = {isa = PBXBuildFile; fileRef = E162D52420B5CE81001702BD /* libpng16.16.dylib */; };
		E1682DF020F94C2000DF0FD4 /* libopencv_highgui.3.4.1.dylib in Frameworks */ = {isa = PBXBuildFile; fileRef = E1682DEB20F94C1F00DF0FD4 /* libopencv_highgui.3.4.1.dylib */; };
		E1682DF120F94C2000DF0FD4 /* libopencv_imgproc.3.4.1.dylib in Frameworks */ = {isa = PBXBuildFile; fileRef = E1682DEC20F94C1F00DF0FD4 /* libopencv_imgproc.3.4.1.dylib */; };
		E1682DF220F94C2000DF0FD4 /* libopencv_calib3d.3.4.1.dylib in Frameworks */ = {isa = PBXBuildFile; fileRef = E1682DED20F94C2000DF0FD4 /* libopencv_calib3d.3.4.1.dylib */; };
		E1682DF320F94C2000DF0FD4 /* libopencv_features2d.3.4.1.dylib in Frameworks */ = {isa = PBXBuildFile; fileRef = E1682DEE20F94C2000DF0FD4 /* libopencv_features2d.3.4.1.dylib */; };
		E1682DF420F94C2000DF0FD4 /* libopencv_core.3.4.1.dylib in Frameworks */ = {isa = PBXBuildFile; fileRef = E1682DEF20F94C2000DF0FD4 /* libopencv_core.3.4.1.dylib */; };
		E1682DF520F94C4400DF0FD4 /* libImg.i386-g.a in Frameworks */ = {isa = PBXBuildFile; fileRef = E1B5A4EC1F1D4A8700C23350 /* libImg.i386-g.a */; };
		E1682DF620F94C4400DF0FD4 /* libImgProcessor.i386-g.a in Frameworks */ = {isa = PBXBuildFile; fileRef = E1B5A4EE1F1D4A9800C23350 /* libImgProcessor.i386-g.a */; };
		E1682DF720F94C5200DF0FD4 /* libcalib.i386.a in Frameworks */ = {isa = PBXBuildFile; fileRef = E19CC8BF20D41C00009DA6FC /* libcalib.i386.a */; };
		E1682E0520F94ED500DF0FD4 /* calibration_wrapper.cpp in Sources */ = {isa = PBXBuildFile; fileRef = E19CC8C120D41D6D009DA6FC /* calibration_wrapper.cpp */; };
		E1682E0620F94EDE00DF0FD4 /* ImageProcessor2.swift in Sources */ = {isa = PBXBuildFile; fileRef = E15F3A281F0427DA00FB11B6 /* ImageProcessor2.swift */; };
		E1682E0B20F9580700DF0FD4 /* main.swift in Sources */ = {isa = PBXBuildFile; fileRef = E1682E0A20F9580700DF0FD4 /* main.swift */; };
		E1765EB61EF9B997003A2BB3 /* minSW.dat in Resources */ = {isa = PBXBuildFile; fileRef = E1765EB51EF9B997003A2BB3 /* minSW.dat */; };
		E17AC73D20FE29430007EF77 /* CocoaAsyncSocket.framework in Frameworks */ = {isa = PBXBuildFile; fileRef = E17AC73B20FE29300007EF77 /* CocoaAsyncSocket.framework */; };
		E17AC73E20FE29430007EF77 /* CocoaAsyncSocket.framework in CopyFiles */ = {isa = PBXBuildFile; fileRef = E17AC73B20FE29300007EF77 /* CocoaAsyncSocket.framework */; settings = {ATTRIBUTES = (CodeSignOnCopy, RemoveHeadersOnCopy, ); }; };
		E17AC74020FE29B40007EF77 /* CocoaAsyncSocket.framework in Frameworks */ = {isa = PBXBuildFile; fileRef = E17AC73F20FE29B40007EF77 /* CocoaAsyncSocket.framework */; };
		E17AC78220FE38C40007EF77 /* Yaml.framework in Frameworks */ = {isa = PBXBuildFile; fileRef = E17AC77B20FE38860007EF77 /* Yaml.framework */; };
		E17AC78320FE38C40007EF77 /* Yaml.framework in CopyFiles */ = {isa = PBXBuildFile; fileRef = E17AC77B20FE38860007EF77 /* Yaml.framework */; settings = {ATTRIBUTES = (CodeSignOnCopy, RemoveHeadersOnCopy, ); }; };
		E17AC78620FE38CE0007EF77 /* Yaml.framework in Frameworks */ = {isa = PBXBuildFile; fileRef = E17AC77720FE38860007EF77 /* Yaml.framework */; };
		E196122320D1AC9200D85EDB /* extrinsics.yml in Resources */ = {isa = PBXBuildFile; fileRef = E196122120D1AC9100D85EDB /* extrinsics.yml */; };
		E196122420D1AC9200D85EDB /* intrinsics.yml in Resources */ = {isa = PBXBuildFile; fileRef = E196122220D1AC9200D85EDB /* intrinsics.yml */; };
		E1971F4620D18D57005B5DAF /* Rectify.mm in Sources */ = {isa = PBXBuildFile; fileRef = E1971F4520D18D57005B5DAF /* Rectify.mm */; };
		E1971F4820D18D77005B5DAF /* opencv2.framework in Frameworks */ = {isa = PBXBuildFile; fileRef = E1971F4720D18D76005B5DAF /* opencv2.framework */; };
		E19A62111EFC17DB0013EA58 /* VideoPreviewView.swift in Sources */ = {isa = PBXBuildFile; fileRef = E19A62101EFC17DB0013EA58 /* VideoPreviewView.swift */; };
		E1A57AD72108D4E300C208C6 /* SerialUtils.framework in Frameworks */ = {isa = PBXBuildFile; fileRef = E1A57AC82108D4AE00C208C6 /* SerialUtils.framework */; };
		E1A57AD82108D4E300C208C6 /* SwiftSerial.framework in Frameworks */ = {isa = PBXBuildFile; fileRef = E1A57AC42108D4AE00C208C6 /* SwiftSerial.framework */; };
		E1A57AD92108D4E300C208C6 /* SwitcherCtrl.framework in Frameworks */ = {isa = PBXBuildFile; fileRef = E1A57AC62108D4AE00C208C6 /* SwitcherCtrl.framework */; };
		E1A57ADA2108D4E300C208C6 /* VXMCtrl.framework in Frameworks */ = {isa = PBXBuildFile; fileRef = E1A57ACA2108D4AE00C208C6 /* VXMCtrl.framework */; };
		E1B6BAF31EF99CDC00E7531C /* BinaryCodes.swift in Sources */ = {isa = PBXBuildFile; fileRef = E1B6BAF21EF99CDC00E7531C /* BinaryCodes.swift */; };
		E1BBBAD020BC76A100E57123 /* Debug.swift in Sources */ = {isa = PBXBuildFile; fileRef = E1BBBACF20BC76A100E57123 /* Debug.swift */; };
		E1BCA68A1EF3080900D67FEB /* CustomImageFilters.swift in Sources */ = {isa = PBXBuildFile; fileRef = E1BCA6891EF3080900D67FEB /* CustomImageFilters.swift */; };
		E1C0F41D2107A50F0088B609 /* Calibration.swift in Sources */ = {isa = PBXBuildFile; fileRef = E1C0F41C2107A50F0088B609 /* Calibration.swift */; };
		E1C0F41F2107A5720088B609 /* StructuredLight.swift in Sources */ = {isa = PBXBuildFile; fileRef = E1C0F41E2107A5720088B609 /* StructuredLight.swift */; };
		E1E8BB2D1EEB365C00F84F74 /* ImageProcessor.swift in Sources */ = {isa = PBXBuildFile; fileRef = E1E8BB2C1EEB365C00F84F74 /* ImageProcessor.swift */; };
/* End PBXBuildFile section */

/* Begin PBXContainerItemProxy section */
		E147576520F78F6D00BE5219 /* PBXContainerItemProxy */ = {
			isa = PBXContainerItemProxy;
			containerPortal = E1860DC020C8199200206D40 /* activeLighting.xcodeproj */;
			proxyType = 2;
			remoteGlobalIDString = E1052C4F20C81328004A65C0;
			remoteInfo = activeLighting;
		};
		E1682DFA20F94C7000DF0FD4 /* PBXContainerItemProxy */ = {
			isa = PBXContainerItemProxy;
			containerPortal = E1A2172520C9B6590016DFC6 /* RobotControl.xcodeproj */;
			proxyType = 1;
			remoteGlobalIDString = E1A2171220C9B50F0016DFC6;
			remoteInfo = RobotControl;
		};
		E1682DFC20F94C7000DF0FD4 /* PBXContainerItemProxy */ = {
			isa = PBXContainerItemProxy;
			containerPortal = E1860DC020C8199200206D40 /* activeLighting.xcodeproj */;
			proxyType = 1;
			remoteGlobalIDString = E1052C4E20C81328004A65C0;
			remoteInfo = activeLighting;
		};
		E17AC77620FE38860007EF77 /* PBXContainerItemProxy */ = {
			isa = PBXContainerItemProxy;
			containerPortal = E17AC76D20FE38860007EF77 /* Yaml.xcodeproj */;
			proxyType = 2;
			remoteGlobalIDString = 8E1D76211B258FEE0022C013;
			remoteInfo = "Yaml OSX";
		};
		E17AC77820FE38860007EF77 /* PBXContainerItemProxy */ = {
			isa = PBXContainerItemProxy;
			containerPortal = E17AC76D20FE38860007EF77 /* Yaml.xcodeproj */;
			proxyType = 2;
			remoteGlobalIDString = 8E1D762C1B258FEE0022C013;
			remoteInfo = "Tests OSX";
		};
		E17AC77A20FE38860007EF77 /* PBXContainerItemProxy */ = {
			isa = PBXContainerItemProxy;
			containerPortal = E17AC76D20FE38860007EF77 /* Yaml.xcodeproj */;
			proxyType = 2;
			remoteGlobalIDString = F32DF2581B73054C0011046A;
			remoteInfo = "Yaml iOS";
		};
		E17AC77C20FE38860007EF77 /* PBXContainerItemProxy */ = {
			isa = PBXContainerItemProxy;
			containerPortal = E17AC76D20FE38860007EF77 /* Yaml.xcodeproj */;
			proxyType = 2;
			remoteGlobalIDString = F32DF2611B73054C0011046A;
			remoteInfo = "Tests iOS";
		};
		E17AC77E20FE38860007EF77 /* PBXContainerItemProxy */ = {
			isa = PBXContainerItemProxy;
			containerPortal = E17AC76D20FE38860007EF77 /* Yaml.xcodeproj */;
			proxyType = 2;
			remoteGlobalIDString = 8313C4291C8DC2CB00DEF215;
			remoteInfo = "Yaml tvOS";
		};
		E17AC78020FE38860007EF77 /* PBXContainerItemProxy */ = {
			isa = PBXContainerItemProxy;
			containerPortal = E17AC76D20FE38860007EF77 /* Yaml.xcodeproj */;
			proxyType = 2;
			remoteGlobalIDString = 8313C4321C8DC2CB00DEF215;
			remoteInfo = "Tests tvOS";
		};
		E17AC78420FE38C40007EF77 /* PBXContainerItemProxy */ = {
			isa = PBXContainerItemProxy;
			containerPortal = E17AC76D20FE38860007EF77 /* Yaml.xcodeproj */;
			proxyType = 1;
			remoteGlobalIDString = F32DF2571B73054C0011046A;
			remoteInfo = "Yaml iOS";
		};
		E17AC78820FE393B0007EF77 /* PBXContainerItemProxy */ = {
			isa = PBXContainerItemProxy;
			containerPortal = E17AC76D20FE38860007EF77 /* Yaml.xcodeproj */;
			proxyType = 1;
			remoteGlobalIDString = 8E1D76201B258FEE0022C013;
			remoteInfo = "Yaml OSX";
		};
		E1A2172920C9B6590016DFC6 /* PBXContainerItemProxy */ = {
			isa = PBXContainerItemProxy;
			containerPortal = E1A2172520C9B6590016DFC6 /* RobotControl.xcodeproj */;
			proxyType = 2;
			remoteGlobalIDString = E1A2171320C9B50F0016DFC6;
			remoteInfo = RobotControl;
		};
		E1A57AC32108D4AE00C208C6 /* PBXContainerItemProxy */ = {
			isa = PBXContainerItemProxy;
			containerPortal = E1A57ABC2108D4AE00C208C6 /* SerialTools.xcodeproj */;
			proxyType = 2;
			remoteGlobalIDString = OBJ_19;
			remoteInfo = SwiftSerial;
		};
		E1A57AC52108D4AE00C208C6 /* PBXContainerItemProxy */ = {
			isa = PBXContainerItemProxy;
			containerPortal = E1A57ABC2108D4AE00C208C6 /* SerialTools.xcodeproj */;
			proxyType = 2;
			remoteGlobalIDString = OBJ_20;
			remoteInfo = SwitcherCtrl;
		};
		E1A57AC72108D4AE00C208C6 /* PBXContainerItemProxy */ = {
			isa = PBXContainerItemProxy;
			containerPortal = E1A57ABC2108D4AE00C208C6 /* SerialTools.xcodeproj */;
			proxyType = 2;
			remoteGlobalIDString = OBJ_21;
			remoteInfo = SerialUtils;
		};
		E1A57AC92108D4AE00C208C6 /* PBXContainerItemProxy */ = {
			isa = PBXContainerItemProxy;
			containerPortal = E1A57ABC2108D4AE00C208C6 /* SerialTools.xcodeproj */;
			proxyType = 2;
			remoteGlobalIDString = OBJ_22;
			remoteInfo = VXMCtrl;
		};
		E1A57ACF2108D4D600C208C6 /* PBXContainerItemProxy */ = {
			isa = PBXContainerItemProxy;
			containerPortal = E1A57ABC2108D4AE00C208C6 /* SerialTools.xcodeproj */;
			proxyType = 1;
			remoteGlobalIDString = OBJ_23;
			remoteInfo = SwiftSerial;
		};
		E1A57AD12108D4D600C208C6 /* PBXContainerItemProxy */ = {
			isa = PBXContainerItemProxy;
			containerPortal = E1A57ABC2108D4AE00C208C6 /* SerialTools.xcodeproj */;
			proxyType = 1;
			remoteGlobalIDString = OBJ_30;
			remoteInfo = SwitcherCtrl;
		};
		E1A57AD32108D4D600C208C6 /* PBXContainerItemProxy */ = {
			isa = PBXContainerItemProxy;
			containerPortal = E1A57ABC2108D4AE00C208C6 /* SerialTools.xcodeproj */;
			proxyType = 1;
			remoteGlobalIDString = OBJ_41;
			remoteInfo = SerialUtils;
		};
		E1A57AD52108D4D600C208C6 /* PBXContainerItemProxy */ = {
			isa = PBXContainerItemProxy;
			containerPortal = E1A57ABC2108D4AE00C208C6 /* SerialTools.xcodeproj */;
			proxyType = 1;
			remoteGlobalIDString = OBJ_50;
			remoteInfo = VXMCtrl;
		};
/* End PBXContainerItemProxy section */

/* Begin PBXCopyFilesBuildPhase section */
		E11F1FD21EE1B55B008F9F0F /* CopyFiles */ = {
			isa = PBXCopyFilesBuildPhase;
			buildActionMask = 2147483647;
			dstPath = "";
			dstSubfolderSpec = 10;
			files = (
				E17AC73E20FE29430007EF77 /* CocoaAsyncSocket.framework in CopyFiles */,
				E17AC78320FE38C40007EF77 /* Yaml.framework in CopyFiles */,
			);
			runOnlyForDeploymentPostprocessing = 0;
		};
		E1682DAE20F947C700DF0FD4 /* CopyFiles */ = {
			isa = PBXCopyFilesBuildPhase;
			buildActionMask = 12;
			dstPath = "";
			dstSubfolderSpec = 10;
			files = (
			);
			runOnlyForDeploymentPostprocessing = 0;
		};
/* End PBXCopyFilesBuildPhase section */

/* Begin PBXFileReference section */
		E10205B020C085C000A003BE /* Globals.swift */ = {isa = PBXFileReference; lastKnownFileType = sourcecode.swift; path = Globals.swift; sourceTree = "<group>"; };
		E114D51D20CF200E00020017 /* libopencv_imgcodecs.3.4.1.dylib */ = {isa = PBXFileReference; lastKnownFileType = "compiled.mach-o.dylib"; name = libopencv_imgcodecs.3.4.1.dylib; path = ../../../../../../usr/local/Cellar/opencv/3.4.1_5/lib/libopencv_imgcodecs.3.4.1.dylib; sourceTree = "<group>"; };
		E11F1FB01EE1B521008F9F0F /* MobileLighting_iPhone.app */ = {isa = PBXFileReference; explicitFileType = wrapper.application; includeInIndex = 0; path = MobileLighting_iPhone.app; sourceTree = BUILT_PRODUCTS_DIR; };
		E11F1FB21EE1B521008F9F0F /* AppDelegate.swift */ = {isa = PBXFileReference; lastKnownFileType = sourcecode.swift; path = AppDelegate.swift; sourceTree = "<group>"; };
		E11F1FB41EE1B521008F9F0F /* ViewController.swift */ = {isa = PBXFileReference; lastKnownFileType = sourcecode.swift; path = ViewController.swift; sourceTree = "<group>"; };
		E11F1FB71EE1B521008F9F0F /* Base */ = {isa = PBXFileReference; lastKnownFileType = file.storyboard; name = Base; path = Base.lproj/Main.storyboard; sourceTree = "<group>"; };
		E11F1FB91EE1B521008F9F0F /* Assets.xcassets */ = {isa = PBXFileReference; lastKnownFileType = folder.assetcatalog; path = Assets.xcassets; sourceTree = "<group>"; };
		E11F1FBC1EE1B521008F9F0F /* Base */ = {isa = PBXFileReference; lastKnownFileType = file.storyboard; name = Base; path = Base.lproj/LaunchScreen.storyboard; sourceTree = "<group>"; };
		E11F1FBE1EE1B521008F9F0F /* Info.plist */ = {isa = PBXFileReference; lastKnownFileType = text.plist.xml; path = Info.plist; sourceTree = "<group>"; };
		E11F1FE31EE1B730008F9F0F /* CameraController.swift */ = {isa = PBXFileReference; fileEncoding = 4; lastKnownFileType = sourcecode.swift; path = CameraController.swift; sourceTree = "<group>"; };
		E11F1FE51EE1B7C1008F9F0F /* CameraServiceBrowser.swift */ = {isa = PBXFileReference; fileEncoding = 4; lastKnownFileType = sourcecode.swift; path = CameraServiceBrowser.swift; sourceTree = "<group>"; };
		E11F1FE61EE1B7C1008F9F0F /* DisplayController.swift */ = {isa = PBXFileReference; fileEncoding = 4; lastKnownFileType = sourcecode.swift; path = DisplayController.swift; sourceTree = "<group>"; };
		E11F1FE71EE1B7C1008F9F0F /* FullscreenWindow.swift */ = {isa = PBXFileReference; fileEncoding = 4; lastKnownFileType = sourcecode.swift; path = FullscreenWindow.swift; sourceTree = "<group>"; };
		E11F1FE81EE1B7C1008F9F0F /* PhotoReceiver.swift */ = {isa = PBXFileReference; fileEncoding = 4; lastKnownFileType = sourcecode.swift; path = PhotoReceiver.swift; sourceTree = "<group>"; };
		E11F1FED1EE1B90F008F9F0F /* CameraInstructionPacket.swift */ = {isa = PBXFileReference; fileEncoding = 4; lastKnownFileType = sourcecode.swift; path = CameraInstructionPacket.swift; sourceTree = "<group>"; };
		E11F1FEE1EE1B90F008F9F0F /* PhotoDataPacket.swift */ = {isa = PBXFileReference; fileEncoding = 4; lastKnownFileType = sourcecode.swift; path = PhotoDataPacket.swift; sourceTree = "<group>"; };
		E11F1FEF1EE1B90F008F9F0F /* Timing.swift */ = {isa = PBXFileReference; fileEncoding = 4; lastKnownFileType = sourcecode.swift; path = Timing.swift; sourceTree = "<group>"; };
		E11F1FF61EE1BBD7008F9F0F /* CameraPermissions.swift */ = {isa = PBXFileReference; fileEncoding = 4; lastKnownFileType = sourcecode.swift; path = CameraPermissions.swift; sourceTree = "<group>"; };
		E11F1FF71EE1BBD7008F9F0F /* CameraService.swift */ = {isa = PBXFileReference; fileEncoding = 4; lastKnownFileType = sourcecode.swift; path = CameraService.swift; sourceTree = "<group>"; };
		E11F1FF81EE1BBD7008F9F0F /* PhotoSender.swift */ = {isa = PBXFileReference; fileEncoding = 4; lastKnownFileType = sourcecode.swift; path = PhotoSender.swift; sourceTree = "<group>"; };
		E1268D7820FD30DF002BB095 /* MotionRecorder.swift */ = {isa = PBXFileReference; lastKnownFileType = sourcecode.swift; path = MotionRecorder.swift; sourceTree = "<group>"; };
		E1269FA51F0D3B3700079CC3 /* SettingsManager.swift */ = {isa = PBXFileReference; fileEncoding = 4; lastKnownFileType = sourcecode.swift; path = SettingsManager.swift; sourceTree = "<group>"; };
		E128467E1EE7311E00727C30 /* minStripeWidthCodes.dat */ = {isa = PBXFileReference; lastKnownFileType = file; path = minStripeWidthCodes.dat; sourceTree = "<group>"; };
		E136681D1F1E505800BC561A /* Utils.swift */ = {isa = PBXFileReference; fileEncoding = 4; lastKnownFileType = sourcecode.swift; path = Utils.swift; sourceTree = "<group>"; };
		E14473FB1F03DE590029B3F0 /* MobileLighting_Mac-Bridging-Header.h */ = {isa = PBXFileReference; fileEncoding = 4; lastKnownFileType = sourcecode.c.h; path = "MobileLighting_Mac-Bridging-Header.h"; sourceTree = "<group>"; };
		E147578420F7D55B00BE5219 /* CocoaAsyncSocket.framework.dSYM */ = {isa = PBXFileReference; lastKnownFileType = wrapper.dsym; name = CocoaAsyncSocket.framework.dSYM; path = Carthage/Build/iOS/CocoaAsyncSocket.framework.dSYM; sourceTree = "<group>"; };
		E14CDBD820F4ED5E004AF1B6 /* Parameters.h */ = {isa = PBXFileReference; lastKnownFileType = sourcecode.c.h; path = Parameters.h; sourceTree = "<group>"; };
		E152C9FA1EE6FA8100AAD824 /* BinaryCodeDrawer.swift */ = {isa = PBXFileReference; fileEncoding = 4; lastKnownFileType = sourcecode.swift; path = BinaryCodeDrawer.swift; sourceTree = "<group>"; };
		E15D3BC020BF47880058AD1A /* SceneMetadata.swift */ = {isa = PBXFileReference; lastKnownFileType = sourcecode.swift; path = SceneMetadata.swift; sourceTree = "<group>"; };
		E15F3A281F0427DA00FB11B6 /* ImageProcessor2.swift */ = {isa = PBXFileReference; fileEncoding = 4; lastKnownFileType = sourcecode.swift; path = ImageProcessor2.swift; sourceTree = "<group>"; };
		E162D51A20B5CD80001702BD /* libopencv_calib3d.3.4.1.dylib */ = {isa = PBXFileReference; lastKnownFileType = "compiled.mach-o.dylib"; name = libopencv_calib3d.3.4.1.dylib; path = ../../../../../../usr/local/Cellar/opencv/3.4.1_2/lib/libopencv_calib3d.3.4.1.dylib; sourceTree = "<group>"; };
		E162D51C20B5CDB5001702BD /* libopencv_features2d.3.4.1.dylib */ = {isa = PBXFileReference; lastKnownFileType = "compiled.mach-o.dylib"; name = libopencv_features2d.3.4.1.dylib; path = ../../../../../../usr/local/Cellar/opencv/3.4.1_2/lib/libopencv_features2d.3.4.1.dylib; sourceTree = "<group>"; };
		E162D51E20B5CDCD001702BD /* libopencv_highgui.3.4.1.dylib */ = {isa = PBXFileReference; lastKnownFileType = "compiled.mach-o.dylib"; name = libopencv_highgui.3.4.1.dylib; path = ../../../../../../usr/local/Cellar/opencv/3.4.1_2/lib/libopencv_highgui.3.4.1.dylib; sourceTree = "<group>"; };
		E162D52020B5CE08001702BD /* libopencv_imgproc.3.4.1.dylib */ = {isa = PBXFileReference; lastKnownFileType = "compiled.mach-o.dylib"; name = libopencv_imgproc.3.4.1.dylib; path = ../../../../../../usr/local/Cellar/opencv/3.4.1_2/lib/libopencv_imgproc.3.4.1.dylib; sourceTree = "<group>"; };
		E162D52220B5CE1C001702BD /* libopencv_core.3.4.1.dylib */ = {isa = PBXFileReference; lastKnownFileType = "compiled.mach-o.dylib"; name = libopencv_core.3.4.1.dylib; path = ../../../../../../usr/local/Cellar/opencv/3.4.1_2/lib/libopencv_core.3.4.1.dylib; sourceTree = "<group>"; };
		E162D52420B5CE81001702BD /* libpng16.16.dylib */ = {isa = PBXFileReference; lastKnownFileType = "compiled.mach-o.dylib"; name = libpng16.16.dylib; path = ../../../../../../usr/local/Cellar/libpng/1.6.34/lib/libpng16.16.dylib; sourceTree = "<group>"; };
		E162D52620B5CE93001702BD /* libpng16.a */ = {isa = PBXFileReference; lastKnownFileType = archive.ar; name = libpng16.a; path = ../../../../../../usr/local/Cellar/libpng/1.6.34/lib/libpng16.a; sourceTree = "<group>"; };
		E1682DA020F9322200DF0FD4 /* Trajectory.swift */ = {isa = PBXFileReference; lastKnownFileType = sourcecode.swift; path = Trajectory.swift; sourceTree = "<group>"; };
		E1682DB020F947C700DF0FD4 /* MobileLighting_Mac */ = {isa = PBXFileReference; explicitFileType = "compiled.mach-o.executable"; includeInIndex = 0; path = MobileLighting_Mac; sourceTree = BUILT_PRODUCTS_DIR; };
		E1682DEB20F94C1F00DF0FD4 /* libopencv_highgui.3.4.1.dylib */ = {isa = PBXFileReference; lastKnownFileType = "compiled.mach-o.dylib"; name = libopencv_highgui.3.4.1.dylib; path = ../../../../../../usr/local/Cellar/opencv/3.4.1_5/lib/libopencv_highgui.3.4.1.dylib; sourceTree = "<group>"; };
		E1682DEC20F94C1F00DF0FD4 /* libopencv_imgproc.3.4.1.dylib */ = {isa = PBXFileReference; lastKnownFileType = "compiled.mach-o.dylib"; name = libopencv_imgproc.3.4.1.dylib; path = ../../../../../../usr/local/Cellar/opencv/3.4.1_5/lib/libopencv_imgproc.3.4.1.dylib; sourceTree = "<group>"; };
		E1682DED20F94C2000DF0FD4 /* libopencv_calib3d.3.4.1.dylib */ = {isa = PBXFileReference; lastKnownFileType = "compiled.mach-o.dylib"; name = libopencv_calib3d.3.4.1.dylib; path = ../../../../../../usr/local/Cellar/opencv/3.4.1_5/lib/libopencv_calib3d.3.4.1.dylib; sourceTree = "<group>"; };
		E1682DEE20F94C2000DF0FD4 /* libopencv_features2d.3.4.1.dylib */ = {isa = PBXFileReference; lastKnownFileType = "compiled.mach-o.dylib"; name = libopencv_features2d.3.4.1.dylib; path = ../../../../../../usr/local/Cellar/opencv/3.4.1_5/lib/libopencv_features2d.3.4.1.dylib; sourceTree = "<group>"; };
		E1682DEF20F94C2000DF0FD4 /* libopencv_core.3.4.1.dylib */ = {isa = PBXFileReference; lastKnownFileType = "compiled.mach-o.dylib"; name = libopencv_core.3.4.1.dylib; path = ../../../../../../usr/local/Cellar/opencv/3.4.1_5/lib/libopencv_core.3.4.1.dylib; sourceTree = "<group>"; };
		E1682E0A20F9580700DF0FD4 /* main.swift */ = {isa = PBXFileReference; fileEncoding = 4; lastKnownFileType = sourcecode.swift; path = main.swift; sourceTree = "<group>"; };
		E174EE1C2106113500AC5755 /* README.md */ = {isa = PBXFileReference; lastKnownFileType = net.daringfireball.markdown; path = README.md; sourceTree = "<group>"; };
		E1765EB51EF9B997003A2BB3 /* minSW.dat */ = {isa = PBXFileReference; lastKnownFileType = file; path = minSW.dat; sourceTree = "<group>"; };
		E17AC73B20FE29300007EF77 /* CocoaAsyncSocket.framework */ = {isa = PBXFileReference; lastKnownFileType = wrapper.framework; path = CocoaAsyncSocket.framework; sourceTree = "<group>"; };
		E17AC73F20FE29B40007EF77 /* CocoaAsyncSocket.framework */ = {isa = PBXFileReference; lastKnownFileType = wrapper.framework; path = CocoaAsyncSocket.framework; sourceTree = "<group>"; };
		E17AC76D20FE38860007EF77 /* Yaml.xcodeproj */ = {isa = PBXFileReference; lastKnownFileType = "wrapper.pb-project"; name = Yaml.xcodeproj; path = YamlSwift/Yaml.xcodeproj; sourceTree = "<group>"; };
		E1860DC020C8199200206D40 /* activeLighting.xcodeproj */ = {isa = PBXFileReference; lastKnownFileType = "wrapper.pb-project"; name = activeLighting.xcodeproj; path = activeLighting/activeLighting.xcodeproj; sourceTree = "<group>"; };
		E196121920D18EFA00D85EDB /* Rectify.h */ = {isa = PBXFileReference; fileEncoding = 4; lastKnownFileType = sourcecode.c.h; path = Rectify.h; sourceTree = "<group>"; };
		E196121F20D19BA000D85EDB /* MobileLighting_iPhone_Bridging_Header.h */ = {isa = PBXFileReference; lastKnownFileType = sourcecode.c.h; path = MobileLighting_iPhone_Bridging_Header.h; sourceTree = "<group>"; };
		E196122120D1AC9100D85EDB /* extrinsics.yml */ = {isa = PBXFileReference; fileEncoding = 4; lastKnownFileType = text; path = extrinsics.yml; sourceTree = "<group>"; };
		E196122220D1AC9200D85EDB /* intrinsics.yml */ = {isa = PBXFileReference; fileEncoding = 4; lastKnownFileType = text; path = intrinsics.yml; sourceTree = "<group>"; };
		E1971F4520D18D57005B5DAF /* Rectify.mm */ = {isa = PBXFileReference; fileEncoding = 4; lastKnownFileType = sourcecode.cpp.objcpp; path = Rectify.mm; sourceTree = "<group>"; };
		E1971F4720D18D76005B5DAF /* opencv2.framework */ = {isa = PBXFileReference; lastKnownFileType = wrapper.framework; path = opencv2.framework; sourceTree = "<group>"; };
		E19A62101EFC17DB0013EA58 /* VideoPreviewView.swift */ = {isa = PBXFileReference; fileEncoding = 4; lastKnownFileType = sourcecode.swift; path = VideoPreviewView.swift; sourceTree = "<group>"; };
		E19CC8B020D41B0F009DA6FC /* calibration.cpp */ = {isa = PBXFileReference; fileEncoding = 4; lastKnownFileType = sourcecode.cpp.cpp; path = calibration.cpp; sourceTree = "<group>"; };
		E19CC8B220D41B0F009DA6FC /* Makefile */ = {isa = PBXFileReference; fileEncoding = 4; lastKnownFileType = sourcecode.make; path = Makefile; sourceTree = "<group>"; };
		E19CC8BF20D41C00009DA6FC /* libcalib.i386.a */ = {isa = PBXFileReference; lastKnownFileType = archive.ar; path = libcalib.i386.a; sourceTree = "<group>"; };
		E19CC8C120D41D6D009DA6FC /* calibration_wrapper.cpp */ = {isa = PBXFileReference; lastKnownFileType = sourcecode.cpp.cpp; path = calibration_wrapper.cpp; sourceTree = "<group>"; };
		E19CC8C320D42092009DA6FC /* libopencv_aruco.3.4.1.dylib */ = {isa = PBXFileReference; lastKnownFileType = "compiled.mach-o.dylib"; name = libopencv_aruco.3.4.1.dylib; path = ../../../../../../usr/local/Cellar/opencv/3.4.1_5/lib/libopencv_aruco.3.4.1.dylib; sourceTree = "<group>"; };
		E19CC8C520D420C7009DA6FC /* libopencv_videoio.3.4.1.dylib */ = {isa = PBXFileReference; lastKnownFileType = "compiled.mach-o.dylib"; name = libopencv_videoio.3.4.1.dylib; path = ../../../../../../usr/local/Cellar/opencv/3.4.1_5/lib/libopencv_videoio.3.4.1.dylib; sourceTree = "<group>"; };
		E1A2165620C841000016DFC6 /* DirectoryStructure.swift */ = {isa = PBXFileReference; lastKnownFileType = sourcecode.swift; path = DirectoryStructure.swift; sourceTree = "<group>"; };
		E1A2172520C9B6590016DFC6 /* RobotControl.xcodeproj */ = {isa = PBXFileReference; lastKnownFileType = "wrapper.pb-project"; name = RobotControl.xcodeproj; path = RobotControl/RobotControl.xcodeproj; sourceTree = "<group>"; };
		E1A57ABC2108D4AE00C208C6 /* SerialTools.xcodeproj */ = {isa = PBXFileReference; lastKnownFileType = "wrapper.pb-project"; name = SerialTools.xcodeproj; path = SerialTools/SerialTools.xcodeproj; sourceTree = "<group>"; };
		E1B5A4EC1F1D4A8700C23350 /* libImg.i386-g.a */ = {isa = PBXFileReference; lastKnownFileType = archive.ar; name = "libImg.i386-g.a"; path = "MobileLighting_Mac/activeLighting/imageLib/libImg.i386-g.a"; sourceTree = "<group>"; };
		E1B5A4EE1F1D4A9800C23350 /* libImgProcessor.i386-g.a */ = {isa = PBXFileReference; lastKnownFileType = archive.ar; name = "libImgProcessor.i386-g.a"; path = "MobileLighting_Mac/activeLighting/libImgProcessor.i386-g.a"; sourceTree = "<group>"; };
		E1B6BAF21EF99CDC00E7531C /* BinaryCodes.swift */ = {isa = PBXFileReference; fileEncoding = 4; lastKnownFileType = sourcecode.swift; path = BinaryCodes.swift; sourceTree = "<group>"; };
		E1BBBACF20BC76A100E57123 /* Debug.swift */ = {isa = PBXFileReference; lastKnownFileType = sourcecode.swift; path = Debug.swift; sourceTree = "<group>"; };
		E1BCA6891EF3080900D67FEB /* CustomImageFilters.swift */ = {isa = PBXFileReference; fileEncoding = 4; lastKnownFileType = sourcecode.swift; path = CustomImageFilters.swift; sourceTree = "<group>"; };
		E1C0F41C2107A50F0088B609 /* Calibration.swift */ = {isa = PBXFileReference; lastKnownFileType = sourcecode.swift; path = Calibration.swift; sourceTree = "<group>"; };
		E1C0F41E2107A5720088B609 /* StructuredLight.swift */ = {isa = PBXFileReference; lastKnownFileType = sourcecode.swift; path = StructuredLight.swift; sourceTree = "<group>"; };
		E1E75B9120E417760042BE39 /* detection_check.cpp */ = {isa = PBXFileReference; fileEncoding = 4; lastKnownFileType = sourcecode.cpp.cpp; path = detection_check.cpp; sourceTree = "<group>"; };
		E1E8BB2C1EEB365C00F84F74 /* ImageProcessor.swift */ = {isa = PBXFileReference; fileEncoding = 4; lastKnownFileType = sourcecode.swift; path = ImageProcessor.swift; sourceTree = "<group>"; };
		E1F4FF921EE9CFF6008E0096 /* ProgramControl.swift */ = {isa = PBXFileReference; fileEncoding = 4; lastKnownFileType = sourcecode.swift; path = ProgramControl.swift; sourceTree = "<group>"; };
/* End PBXFileReference section */

/* Begin PBXFrameworksBuildPhase section */
		E11F1FAD1EE1B521008F9F0F /* Frameworks */ = {
			isa = PBXFrameworksBuildPhase;
			buildActionMask = 2147483647;
			files = (
				E17AC73D20FE29430007EF77 /* CocoaAsyncSocket.framework in Frameworks */,
				E1971F4820D18D77005B5DAF /* opencv2.framework in Frameworks */,
				E17AC78220FE38C40007EF77 /* Yaml.framework in Frameworks */,
			);
			runOnlyForDeploymentPostprocessing = 0;
		};
		E1682DAD20F947C700DF0FD4 /* Frameworks */ = {
			isa = PBXFrameworksBuildPhase;
			buildActionMask = 2147483647;
			files = (
				E1A57AD72108D4E300C208C6 /* SerialUtils.framework in Frameworks */,
				E1A57AD82108D4E300C208C6 /* SwiftSerial.framework in Frameworks */,
				E1A57AD92108D4E300C208C6 /* SwitcherCtrl.framework in Frameworks */,
				E1A57ADA2108D4E300C208C6 /* VXMCtrl.framework in Frameworks */,
				E17AC78620FE38CE0007EF77 /* Yaml.framework in Frameworks */,
				E17AC74020FE29B40007EF77 /* CocoaAsyncSocket.framework in Frameworks */,
				E1682DF720F94C5200DF0FD4 /* libcalib.i386.a in Frameworks */,
				E1682DF520F94C4400DF0FD4 /* libImg.i386-g.a in Frameworks */,
				E1682DF620F94C4400DF0FD4 /* libImgProcessor.i386-g.a in Frameworks */,
				E1682DF020F94C2000DF0FD4 /* libopencv_highgui.3.4.1.dylib in Frameworks */,
				E1682DF120F94C2000DF0FD4 /* libopencv_imgproc.3.4.1.dylib in Frameworks */,
				E1682DF220F94C2000DF0FD4 /* libopencv_calib3d.3.4.1.dylib in Frameworks */,
				E1682DF320F94C2000DF0FD4 /* libopencv_features2d.3.4.1.dylib in Frameworks */,
				E1682DF420F94C2000DF0FD4 /* libopencv_core.3.4.1.dylib in Frameworks */,
				E1682DE720F94C1F00DF0FD4 /* libopencv_aruco.3.4.1.dylib in Frameworks */,
				E1682DE820F94C1F00DF0FD4 /* libopencv_imgcodecs.3.4.1.dylib in Frameworks */,
				E1682DE920F94C1F00DF0FD4 /* libopencv_videoio.3.4.1.dylib in Frameworks */,
				E1682DEA20F94C1F00DF0FD4 /* libpng16.16.dylib in Frameworks */,
				E1682DE020F94BA900DF0FD4 /* libactiveLighting.a in Frameworks */,
				E1682DE120F94BA900DF0FD4 /* libRobotControl.a in Frameworks */,
			);
			runOnlyForDeploymentPostprocessing = 0;
		};
/* End PBXFrameworksBuildPhase section */

/* Begin PBXGroup section */
		E11F1F951EE1B3B4008F9F0F = {
			isa = PBXGroup;
			children = (
				E17AC76D20FE38860007EF77 /* Yaml.xcodeproj */,
				E196122120D1AC9100D85EDB /* extrinsics.yml */,
				E196122220D1AC9200D85EDB /* intrinsics.yml */,
				E136681D1F1E505800BC561A /* Utils.swift */,
				E14CDBD820F4ED5E004AF1B6 /* Parameters.h */,
				E1BBBACF20BC76A100E57123 /* Debug.swift */,
				E1765EB51EF9B997003A2BB3 /* minSW.dat */,
				E1B6BAF21EF99CDC00E7531C /* BinaryCodes.swift */,
				E11F1FED1EE1B90F008F9F0F /* CameraInstructionPacket.swift */,
				E11F1FEE1EE1B90F008F9F0F /* PhotoDataPacket.swift */,
				E15D3BC020BF47880058AD1A /* SceneMetadata.swift */,
				E11F1FEF1EE1B90F008F9F0F /* Timing.swift */,
				E11F1FB11EE1B521008F9F0F /* MobileLighting_iPhone */,
				E11F1FDA1EE1B5A2008F9F0F /* MobileLighting_Mac */,
				E11F1F9F1EE1B3B4008F9F0F /* Products */,
				E11F1FA81EE1B4E7008F9F0F /* Frameworks */,
			);
			sourceTree = "<group>";
		};
		E11F1F9F1EE1B3B4008F9F0F /* Products */ = {
			isa = PBXGroup;
			children = (
				E11F1FB01EE1B521008F9F0F /* MobileLighting_iPhone.app */,
				E1682DB020F947C700DF0FD4 /* MobileLighting_Mac */,
			);
			name = Products;
			sourceTree = "<group>";
		};
		E11F1FA81EE1B4E7008F9F0F /* Frameworks */ = {
			isa = PBXGroup;
			children = (
				E1682DED20F94C2000DF0FD4 /* libopencv_calib3d.3.4.1.dylib */,
				E1682DEF20F94C2000DF0FD4 /* libopencv_core.3.4.1.dylib */,
				E1682DEE20F94C2000DF0FD4 /* libopencv_features2d.3.4.1.dylib */,
				E1682DEB20F94C1F00DF0FD4 /* libopencv_highgui.3.4.1.dylib */,
				E1682DEC20F94C1F00DF0FD4 /* libopencv_imgproc.3.4.1.dylib */,
				E147578420F7D55B00BE5219 /* CocoaAsyncSocket.framework.dSYM */,
				E19CC8C520D420C7009DA6FC /* libopencv_videoio.3.4.1.dylib */,
				E19CC8C320D42092009DA6FC /* libopencv_aruco.3.4.1.dylib */,
				E114D51D20CF200E00020017 /* libopencv_imgcodecs.3.4.1.dylib */,
				E162D52620B5CE93001702BD /* libpng16.a */,
				E162D52420B5CE81001702BD /* libpng16.16.dylib */,
				E162D52220B5CE1C001702BD /* libopencv_core.3.4.1.dylib */,
				E162D52020B5CE08001702BD /* libopencv_imgproc.3.4.1.dylib */,
				E162D51E20B5CDCD001702BD /* libopencv_highgui.3.4.1.dylib */,
				E162D51C20B5CDB5001702BD /* libopencv_features2d.3.4.1.dylib */,
				E162D51A20B5CD80001702BD /* libopencv_calib3d.3.4.1.dylib */,
				E1B5A4EE1F1D4A9800C23350 /* libImgProcessor.i386-g.a */,
				E1B5A4EC1F1D4A8700C23350 /* libImg.i386-g.a */,
			);
			name = Frameworks;
			sourceTree = "<group>";
		};
		E11F1FB11EE1B521008F9F0F /* MobileLighting_iPhone */ = {
			isa = PBXGroup;
			children = (
				E15E06E420D2E57500C43D71 /* Rectify */,
				E11F1FF61EE1BBD7008F9F0F /* CameraPermissions.swift */,
				E10205B020C085C000A003BE /* Globals.swift */,
				E11F1FF71EE1BBD7008F9F0F /* CameraService.swift */,
				E11F1FE31EE1B730008F9F0F /* CameraController.swift */,
				E1268D7820FD30DF002BB095 /* MotionRecorder.swift */,
				E19A62101EFC17DB0013EA58 /* VideoPreviewView.swift */,
				E11F1FF81EE1BBD7008F9F0F /* PhotoSender.swift */,
				E11F1FB21EE1B521008F9F0F /* AppDelegate.swift */,
				E11F1FB41EE1B521008F9F0F /* ViewController.swift */,
				E1E8BB2C1EEB365C00F84F74 /* ImageProcessor.swift */,
				E1BCA6891EF3080900D67FEB /* CustomImageFilters.swift */,
				E196121F20D19BA000D85EDB /* MobileLighting_iPhone_Bridging_Header.h */,
				E11F1FB61EE1B521008F9F0F /* Main.storyboard */,
				E11F1FB91EE1B521008F9F0F /* Assets.xcassets */,
				E11F1FBB1EE1B521008F9F0F /* LaunchScreen.storyboard */,
				E11F1FBE1EE1B521008F9F0F /* Info.plist */,
				E17AC73B20FE29300007EF77 /* CocoaAsyncSocket.framework */,
				E1971F4720D18D76005B5DAF /* opencv2.framework */,
			);
			path = MobileLighting_iPhone;
			sourceTree = "<group>";
		};
		E11F1FDA1EE1B5A2008F9F0F /* MobileLighting_Mac */ = {
			isa = PBXGroup;
			children = (
				E1A57ABC2108D4AE00C208C6 /* SerialTools.xcodeproj */,
				E147575520F78D4900BE5219 /* swiftPipeline */,
				E19CC8AF20D41B0F009DA6FC /* calib */,
				E1A2172520C9B6590016DFC6 /* RobotControl.xcodeproj */,
				E1860DC020C8199200206D40 /* activeLighting.xcodeproj */,
				E128467E1EE7311E00727C30 /* minStripeWidthCodes.dat */,
				E11F1FE51EE1B7C1008F9F0F /* CameraServiceBrowser.swift */,
				E1682E0A20F9580700DF0FD4 /* main.swift */,
				E11F1FE81EE1B7C1008F9F0F /* PhotoReceiver.swift */,
				E11F1FE61EE1B7C1008F9F0F /* DisplayController.swift */,
				E1C0F41C2107A50F0088B609 /* Calibration.swift */,
				E11F1FE71EE1B7C1008F9F0F /* FullscreenWindow.swift */,
				E152C9FA1EE6FA8100AAD824 /* BinaryCodeDrawer.swift */,
				E1F4FF921EE9CFF6008E0096 /* ProgramControl.swift */,
				E1C0F41E2107A5720088B609 /* StructuredLight.swift */,
				E174EE1C2106113500AC5755 /* README.md */,
				E1269FA51F0D3B3700079CC3 /* SettingsManager.swift */,
				E14473FB1F03DE590029B3F0 /* MobileLighting_Mac-Bridging-Header.h */,
				E1A2165620C841000016DFC6 /* DirectoryStructure.swift */,
				E1682DA020F9322200DF0FD4 /* Trajectory.swift */,
				E17AC73F20FE29B40007EF77 /* CocoaAsyncSocket.framework */,
			);
			path = MobileLighting_Mac;
			sourceTree = "<group>";
		};
		E147575520F78D4900BE5219 /* swiftPipeline */ = {
			isa = PBXGroup;
			children = (
				E15F3A281F0427DA00FB11B6 /* ImageProcessor2.swift */,
			);
			path = swiftPipeline;
			sourceTree = "<group>";
		};
		E147576220F78F6D00BE5219 /* Products */ = {
			isa = PBXGroup;
			children = (
				E147576620F78F6D00BE5219 /* libactiveLighting.a */,
			);
			name = Products;
			sourceTree = "<group>";
		};
		E15E06E420D2E57500C43D71 /* Rectify */ = {
			isa = PBXGroup;
			children = (
				E1971F4520D18D57005B5DAF /* Rectify.mm */,
				E196121920D18EFA00D85EDB /* Rectify.h */,
			);
			path = Rectify;
			sourceTree = "<group>";
		};
		E17AC76E20FE38860007EF77 /* Products */ = {
			isa = PBXGroup;
			children = (
				E17AC77720FE38860007EF77 /* Yaml.framework */,
				E17AC77920FE38860007EF77 /* Tests.xctest */,
				E17AC77B20FE38860007EF77 /* Yaml.framework */,
				E17AC77D20FE38860007EF77 /* Tests.xctest */,
				E17AC77F20FE38860007EF77 /* Yaml.framework */,
				E17AC78120FE38860007EF77 /* Tests.xctest */,
			);
			name = Products;
			sourceTree = "<group>";
		};
		E19CC8AF20D41B0F009DA6FC /* calib */ = {
			isa = PBXGroup;
			children = (
				E19CC8B020D41B0F009DA6FC /* calibration.cpp */,
				E19CC8B220D41B0F009DA6FC /* Makefile */,
				E19CC8BF20D41C00009DA6FC /* libcalib.i386.a */,
				E1E75B9120E417760042BE39 /* detection_check.cpp */,
				E19CC8C120D41D6D009DA6FC /* calibration_wrapper.cpp */,
			);
			path = calib;
			sourceTree = "<group>";
		};
		E1A2172620C9B6590016DFC6 /* Products */ = {
			isa = PBXGroup;
			children = (
				E1A2172A20C9B6590016DFC6 /* libRobotControl.a */,
			);
			name = Products;
			sourceTree = "<group>";
		};
		E1A57ABD2108D4AE00C208C6 /* Products */ = {
			isa = PBXGroup;
			children = (
				E1A57AC42108D4AE00C208C6 /* SwiftSerial.framework */,
				E1A57AC62108D4AE00C208C6 /* SwitcherCtrl.framework */,
				E1A57AC82108D4AE00C208C6 /* SerialUtils.framework */,
				E1A57ACA2108D4AE00C208C6 /* VXMCtrl.framework */,
			);
			name = Products;
			sourceTree = "<group>";
		};
/* End PBXGroup section */

/* Begin PBXNativeTarget section */
		E11F1FAF1EE1B521008F9F0F /* MobileLighting_iPhone */ = {
			isa = PBXNativeTarget;
			buildConfigurationList = E11F1FCA1EE1B521008F9F0F /* Build configuration list for PBXNativeTarget "MobileLighting_iPhone" */;
			buildPhases = (
				E11F1FAC1EE1B521008F9F0F /* Sources */,
				E11F1FAD1EE1B521008F9F0F /* Frameworks */,
				E11F1FAE1EE1B521008F9F0F /* Resources */,
				E11F1FD21EE1B55B008F9F0F /* CopyFiles */,
			);
			buildRules = (
			);
			dependencies = (
				E17AC78520FE38C40007EF77 /* PBXTargetDependency */,
			);
			name = MobileLighting_iPhone;
			productName = demo_iPhone;
			productReference = E11F1FB01EE1B521008F9F0F /* MobileLighting_iPhone.app */;
			productType = "com.apple.product-type.application";
		};
		E1682DAF20F947C700DF0FD4 /* MobileLighting_Mac */ = {
			isa = PBXNativeTarget;
			buildConfigurationList = E1682DC220F947C700DF0FD4 /* Build configuration list for PBXNativeTarget "MobileLighting_Mac" */;
			buildPhases = (
				E1682DAC20F947C700DF0FD4 /* Sources */,
				E1682DAD20F947C700DF0FD4 /* Frameworks */,
				E1682DAE20F947C700DF0FD4 /* CopyFiles */,
			);
			buildRules = (
			);
			dependencies = (
				E1A57AD02108D4D600C208C6 /* PBXTargetDependency */,
				E1A57AD22108D4D600C208C6 /* PBXTargetDependency */,
				E1A57AD42108D4D600C208C6 /* PBXTargetDependency */,
				E1A57AD62108D4D600C208C6 /* PBXTargetDependency */,
				E17AC78920FE393B0007EF77 /* PBXTargetDependency */,
				E1682DFB20F94C7000DF0FD4 /* PBXTargetDependency */,
				E1682DFD20F94C7000DF0FD4 /* PBXTargetDependency */,
			);
			name = MobileLighting_Mac;
			productName = MobileLighting_Mac;
			productReference = E1682DB020F947C700DF0FD4 /* MobileLighting_Mac */;
			productType = "com.apple.product-type.tool";
		};
/* End PBXNativeTarget section */

/* Begin PBXProject section */
		E11F1F961EE1B3B4008F9F0F /* Project object */ = {
			isa = PBXProject;
			attributes = {
				LastSwiftUpdateCheck = 0940;
				LastUpgradeCheck = 0930;
				ORGANIZATIONNAME = "Nicholas Mosier";
				TargetAttributes = {
					E11F1FAF1EE1B521008F9F0F = {
						CreatedOnToolsVersion = 8.3.2;
						DevelopmentTeam = P4K2URYK54;
						LastSwiftMigration = 0940;
						ProvisioningStyle = Automatic;
						SystemCapabilities = {
							com.apple.BackgroundModes = {
								enabled = 0;
							};
						};
					};
					E1682DAF20F947C700DF0FD4 = {
						CreatedOnToolsVersion = 9.4.1;
						DevelopmentTeam = P4K2URYK54;
						LastSwiftMigration = 0940;
						ProvisioningStyle = Automatic;
					};
				};
			};
			buildConfigurationList = E11F1F991EE1B3B4008F9F0F /* Build configuration list for PBXProject "MobileLighting" */;
			compatibilityVersion = "Xcode 3.2";
			developmentRegion = English;
			hasScannedForEncodings = 0;
			knownRegions = (
				en,
				Base,
			);
			mainGroup = E11F1F951EE1B3B4008F9F0F;
			productRefGroup = E11F1F9F1EE1B3B4008F9F0F /* Products */;
			projectDirPath = "";
			projectReferences = (
				{
					ProductGroup = E147576220F78F6D00BE5219 /* Products */;
					ProjectRef = E1860DC020C8199200206D40 /* activeLighting.xcodeproj */;
				},
				{
					ProductGroup = E1A2172620C9B6590016DFC6 /* Products */;
					ProjectRef = E1A2172520C9B6590016DFC6 /* RobotControl.xcodeproj */;
				},
				{
					ProductGroup = E1A57ABD2108D4AE00C208C6 /* Products */;
					ProjectRef = E1A57ABC2108D4AE00C208C6 /* SerialTools.xcodeproj */;
				},
				{
					ProductGroup = E17AC76E20FE38860007EF77 /* Products */;
					ProjectRef = E17AC76D20FE38860007EF77 /* Yaml.xcodeproj */;
				},
			);
			projectRoot = "";
			targets = (
				E11F1FAF1EE1B521008F9F0F /* MobileLighting_iPhone */,
				E1682DAF20F947C700DF0FD4 /* MobileLighting_Mac */,
			);
		};
/* End PBXProject section */

/* Begin PBXReferenceProxy section */
		E147576620F78F6D00BE5219 /* libactiveLighting.a */ = {
			isa = PBXReferenceProxy;
			fileType = archive.ar;
			path = libactiveLighting.a;
			remoteRef = E147576520F78F6D00BE5219 /* PBXContainerItemProxy */;
			sourceTree = BUILT_PRODUCTS_DIR;
		};
		E17AC77720FE38860007EF77 /* Yaml.framework */ = {
			isa = PBXReferenceProxy;
			fileType = wrapper.framework;
			path = Yaml.framework;
			remoteRef = E17AC77620FE38860007EF77 /* PBXContainerItemProxy */;
			sourceTree = BUILT_PRODUCTS_DIR;
		};
		E17AC77920FE38860007EF77 /* Tests.xctest */ = {
			isa = PBXReferenceProxy;
			fileType = wrapper.cfbundle;
			path = Tests.xctest;
			remoteRef = E17AC77820FE38860007EF77 /* PBXContainerItemProxy */;
			sourceTree = BUILT_PRODUCTS_DIR;
		};
		E17AC77B20FE38860007EF77 /* Yaml.framework */ = {
			isa = PBXReferenceProxy;
			fileType = wrapper.framework;
			path = Yaml.framework;
			remoteRef = E17AC77A20FE38860007EF77 /* PBXContainerItemProxy */;
			sourceTree = BUILT_PRODUCTS_DIR;
		};
		E17AC77D20FE38860007EF77 /* Tests.xctest */ = {
			isa = PBXReferenceProxy;
			fileType = wrapper.cfbundle;
			path = Tests.xctest;
			remoteRef = E17AC77C20FE38860007EF77 /* PBXContainerItemProxy */;
			sourceTree = BUILT_PRODUCTS_DIR;
		};
		E17AC77F20FE38860007EF77 /* Yaml.framework */ = {
			isa = PBXReferenceProxy;
			fileType = wrapper.framework;
			path = Yaml.framework;
			remoteRef = E17AC77E20FE38860007EF77 /* PBXContainerItemProxy */;
			sourceTree = BUILT_PRODUCTS_DIR;
		};
		E17AC78120FE38860007EF77 /* Tests.xctest */ = {
			isa = PBXReferenceProxy;
			fileType = wrapper.cfbundle;
			path = Tests.xctest;
			remoteRef = E17AC78020FE38860007EF77 /* PBXContainerItemProxy */;
			sourceTree = BUILT_PRODUCTS_DIR;
		};
		E1A2172A20C9B6590016DFC6 /* libRobotControl.a */ = {
			isa = PBXReferenceProxy;
			fileType = archive.ar;
			path = libRobotControl.a;
			remoteRef = E1A2172920C9B6590016DFC6 /* PBXContainerItemProxy */;
			sourceTree = BUILT_PRODUCTS_DIR;
		};
		E1A57AC42108D4AE00C208C6 /* SwiftSerial.framework */ = {
			isa = PBXReferenceProxy;
			fileType = wrapper.framework;
			path = SwiftSerial.framework;
			remoteRef = E1A57AC32108D4AE00C208C6 /* PBXContainerItemProxy */;
			sourceTree = BUILT_PRODUCTS_DIR;
		};
		E1A57AC62108D4AE00C208C6 /* SwitcherCtrl.framework */ = {
			isa = PBXReferenceProxy;
			fileType = wrapper.framework;
			path = SwitcherCtrl.framework;
			remoteRef = E1A57AC52108D4AE00C208C6 /* PBXContainerItemProxy */;
			sourceTree = BUILT_PRODUCTS_DIR;
		};
		E1A57AC82108D4AE00C208C6 /* SerialUtils.framework */ = {
			isa = PBXReferenceProxy;
			fileType = wrapper.framework;
			path = SerialUtils.framework;
			remoteRef = E1A57AC72108D4AE00C208C6 /* PBXContainerItemProxy */;
			sourceTree = BUILT_PRODUCTS_DIR;
		};
		E1A57ACA2108D4AE00C208C6 /* VXMCtrl.framework */ = {
			isa = PBXReferenceProxy;
			fileType = wrapper.framework;
			path = VXMCtrl.framework;
			remoteRef = E1A57AC92108D4AE00C208C6 /* PBXContainerItemProxy */;
			sourceTree = BUILT_PRODUCTS_DIR;
		};
/* End PBXReferenceProxy section */

/* Begin PBXResourcesBuildPhase section */
		E11F1FAE1EE1B521008F9F0F /* Resources */ = {
			isa = PBXResourcesBuildPhase;
			buildActionMask = 2147483647;
			files = (
				E11F1FBD1EE1B521008F9F0F /* LaunchScreen.storyboard in Resources */,
				E11F1FBA1EE1B521008F9F0F /* Assets.xcassets in Resources */,
				E11F1FB81EE1B521008F9F0F /* Main.storyboard in Resources */,
				E1765EB61EF9B997003A2BB3 /* minSW.dat in Resources */,
				E196122420D1AC9200D85EDB /* intrinsics.yml in Resources */,
				E196122320D1AC9200D85EDB /* extrinsics.yml in Resources */,
			);
			runOnlyForDeploymentPostprocessing = 0;
		};
/* End PBXResourcesBuildPhase section */

/* Begin PBXSourcesBuildPhase section */
		E11F1FAC1EE1B521008F9F0F /* Sources */ = {
			isa = PBXSourcesBuildPhase;
			buildActionMask = 2147483647;
			files = (
				E11F1FFC1EE1BC36008F9F0F /* CameraInstructionPacket.swift in Sources */,
				E1BBBAD020BC76A100E57123 /* Debug.swift in Sources */,
				E19A62111EFC17DB0013EA58 /* VideoPreviewView.swift in Sources */,
				E11F1FFD1EE1BC36008F9F0F /* PhotoDataPacket.swift in Sources */,
				E136681E1F1E505800BC561A /* Utils.swift in Sources */,
				E1E8BB2D1EEB365C00F84F74 /* ImageProcessor.swift in Sources */,
				E1268D7920FD30DF002BB095 /* MotionRecorder.swift in Sources */,
				E11F1FFE1EE1BC36008F9F0F /* Timing.swift in Sources */,
				E1BCA68A1EF3080900D67FEB /* CustomImageFilters.swift in Sources */,
				E1971F4620D18D57005B5DAF /* Rectify.mm in Sources */,
				E11F1FFA1EE1BBD7008F9F0F /* CameraService.swift in Sources */,
				E11F1FE41EE1B730008F9F0F /* CameraController.swift in Sources */,
				E15D3BC120BF47880058AD1A /* SceneMetadata.swift in Sources */,
				E10205B120C085C000A003BE /* Globals.swift in Sources */,
				E1B6BAF31EF99CDC00E7531C /* BinaryCodes.swift in Sources */,
				E11F1FB51EE1B521008F9F0F /* ViewController.swift in Sources */,
				E11F1FB31EE1B521008F9F0F /* AppDelegate.swift in Sources */,
				E11F1FF91EE1BBD7008F9F0F /* CameraPermissions.swift in Sources */,
				E11F1FFB1EE1BBD7008F9F0F /* PhotoSender.swift in Sources */,
			);
			runOnlyForDeploymentPostprocessing = 0;
		};
		E1682DAC20F947C700DF0FD4 /* Sources */ = {
			isa = PBXSourcesBuildPhase;
			buildActionMask = 2147483647;
			files = (
				E1682E0620F94EDE00DF0FD4 /* ImageProcessor2.swift in Sources */,
				E1682E0520F94ED500DF0FD4 /* calibration_wrapper.cpp in Sources */,
				E1682DD120F94B7300DF0FD4 /* minStripeWidthCodes.dat in Sources */,
				E1682DD220F94B7300DF0FD4 /* CameraServiceBrowser.swift in Sources */,
				E1C0F41D2107A50F0088B609 /* Calibration.swift in Sources */,
				E1682DD320F94B7300DF0FD4 /* PhotoReceiver.swift in Sources */,
				E1682DD420F94B7300DF0FD4 /* DisplayController.swift in Sources */,
				E1682DD520F94B7300DF0FD4 /* FullscreenWindow.swift in Sources */,
				E1682DD620F94B7300DF0FD4 /* BinaryCodeDrawer.swift in Sources */,
				E1682DD720F94B7300DF0FD4 /* ProgramControl.swift in Sources */,
				E1682DD820F94B7300DF0FD4 /* SettingsManager.swift in Sources */,
				E1682DDA20F94B7300DF0FD4 /* MobileLighting_Mac-Bridging-Header.h in Sources */,
				E1682DDC20F94B7300DF0FD4 /* DirectoryStructure.swift in Sources */,
				E1682DDD20F94B7300DF0FD4 /* Trajectory.swift in Sources */,
				E1682DC820F94B5200DF0FD4 /* Utils.swift in Sources */,
				E1682DC920F94B5200DF0FD4 /* Parameters.h in Sources */,
				E1682E0B20F9580700DF0FD4 /* main.swift in Sources */,
				E1682DCA20F94B5200DF0FD4 /* Debug.swift in Sources */,
				E1682DCB20F94B5200DF0FD4 /* minSW.dat in Sources */,
				E1682DCC20F94B5200DF0FD4 /* BinaryCodes.swift in Sources */,
				E1682DCD20F94B5200DF0FD4 /* CameraInstructionPacket.swift in Sources */,
				E1682DCE20F94B5200DF0FD4 /* PhotoDataPacket.swift in Sources */,
				E1682DCF20F94B5200DF0FD4 /* SceneMetadata.swift in Sources */,
				E1682DD020F94B5200DF0FD4 /* Timing.swift in Sources */,
				E1C0F41F2107A5720088B609 /* StructuredLight.swift in Sources */,
			);
			runOnlyForDeploymentPostprocessing = 0;
		};
/* End PBXSourcesBuildPhase section */

/* Begin PBXTargetDependency section */
		E1682DFB20F94C7000DF0FD4 /* PBXTargetDependency */ = {
			isa = PBXTargetDependency;
			name = RobotControl;
			targetProxy = E1682DFA20F94C7000DF0FD4 /* PBXContainerItemProxy */;
		};
		E1682DFD20F94C7000DF0FD4 /* PBXTargetDependency */ = {
			isa = PBXTargetDependency;
			name = activeLighting;
			targetProxy = E1682DFC20F94C7000DF0FD4 /* PBXContainerItemProxy */;
		};
		E17AC78520FE38C40007EF77 /* PBXTargetDependency */ = {
			isa = PBXTargetDependency;
			name = "Yaml iOS";
			targetProxy = E17AC78420FE38C40007EF77 /* PBXContainerItemProxy */;
		};
		E17AC78920FE393B0007EF77 /* PBXTargetDependency */ = {
			isa = PBXTargetDependency;
			name = "Yaml OSX";
			targetProxy = E17AC78820FE393B0007EF77 /* PBXContainerItemProxy */;
		};
		E1A57AD02108D4D600C208C6 /* PBXTargetDependency */ = {
			isa = PBXTargetDependency;
			name = SwiftSerial;
			targetProxy = E1A57ACF2108D4D600C208C6 /* PBXContainerItemProxy */;
		};
		E1A57AD22108D4D600C208C6 /* PBXTargetDependency */ = {
			isa = PBXTargetDependency;
			name = SwitcherCtrl;
			targetProxy = E1A57AD12108D4D600C208C6 /* PBXContainerItemProxy */;
		};
		E1A57AD42108D4D600C208C6 /* PBXTargetDependency */ = {
			isa = PBXTargetDependency;
			name = SerialUtils;
			targetProxy = E1A57AD32108D4D600C208C6 /* PBXContainerItemProxy */;
		};
		E1A57AD62108D4D600C208C6 /* PBXTargetDependency */ = {
			isa = PBXTargetDependency;
			name = VXMCtrl;
			targetProxy = E1A57AD52108D4D600C208C6 /* PBXContainerItemProxy */;
		};
/* End PBXTargetDependency section */

/* Begin PBXVariantGroup section */
		E11F1FB61EE1B521008F9F0F /* Main.storyboard */ = {
			isa = PBXVariantGroup;
			children = (
				E11F1FB71EE1B521008F9F0F /* Base */,
			);
			name = Main.storyboard;
			sourceTree = "<group>";
		};
		E11F1FBB1EE1B521008F9F0F /* LaunchScreen.storyboard */ = {
			isa = PBXVariantGroup;
			children = (
				E11F1FBC1EE1B521008F9F0F /* Base */,
			);
			name = LaunchScreen.storyboard;
			sourceTree = "<group>";
		};
/* End PBXVariantGroup section */

/* Begin XCBuildConfiguration section */
		E11F1FA31EE1B3B4008F9F0F /* Debug */ = {
			isa = XCBuildConfiguration;
			buildSettings = {
				ALWAYS_SEARCH_USER_PATHS = NO;
				CLANG_ANALYZER_NONNULL = YES;
				CLANG_ANALYZER_NUMBER_OBJECT_CONVERSION = YES_AGGRESSIVE;
				CLANG_CXX_LANGUAGE_STANDARD = "gnu++0x";
				CLANG_CXX_LIBRARY = "libc++";
				CLANG_ENABLE_MODULES = YES;
				CLANG_ENABLE_OBJC_ARC = YES;
				CLANG_WARN_BLOCK_CAPTURE_AUTORELEASING = YES;
				CLANG_WARN_BOOL_CONVERSION = YES;
				CLANG_WARN_COMMA = YES;
				CLANG_WARN_CONSTANT_CONVERSION = YES;
				CLANG_WARN_DEPRECATED_OBJC_IMPLEMENTATIONS = YES;
				CLANG_WARN_DIRECT_OBJC_ISA_USAGE = YES_ERROR;
				CLANG_WARN_DOCUMENTATION_COMMENTS = NO;
				CLANG_WARN_EMPTY_BODY = YES;
				CLANG_WARN_ENUM_CONVERSION = YES;
				CLANG_WARN_INFINITE_RECURSION = YES;
				CLANG_WARN_INT_CONVERSION = YES;
				CLANG_WARN_NON_LITERAL_NULL_CONVERSION = YES;
				CLANG_WARN_OBJC_IMPLICIT_RETAIN_SELF = YES;
				CLANG_WARN_OBJC_LITERAL_CONVERSION = YES;
				CLANG_WARN_OBJC_ROOT_CLASS = YES_ERROR;
				CLANG_WARN_RANGE_LOOP_ANALYSIS = YES;
				CLANG_WARN_STRICT_PROTOTYPES = YES;
				CLANG_WARN_SUSPICIOUS_MOVE = YES;
				CLANG_WARN_UNREACHABLE_CODE = YES;
				CLANG_WARN__DUPLICATE_METHOD_MATCH = YES;
				CODE_SIGN_IDENTITY = "-";
				COPY_PHASE_STRIP = NO;
				DEBUG_INFORMATION_FORMAT = dwarf;
				ENABLE_STRICT_OBJC_MSGSEND = YES;
				ENABLE_TESTABILITY = YES;
				GCC_C_LANGUAGE_STANDARD = gnu99;
				GCC_DYNAMIC_NO_PIC = NO;
				GCC_NO_COMMON_BLOCKS = YES;
				GCC_OPTIMIZATION_LEVEL = 0;
				GCC_PREPROCESSOR_DEFINITIONS = (
					"DEBUG=1",
					"$(inherited)",
				);
				GCC_WARN_64_TO_32_BIT_CONVERSION = YES;
				GCC_WARN_ABOUT_RETURN_TYPE = YES_ERROR;
				GCC_WARN_UNDECLARED_SELECTOR = YES;
				GCC_WARN_UNINITIALIZED_AUTOS = YES_AGGRESSIVE;
				GCC_WARN_UNUSED_FUNCTION = YES;
				GCC_WARN_UNUSED_VARIABLE = YES;
				MACOSX_DEPLOYMENT_TARGET = 10.13;
				MTL_ENABLE_DEBUG_INFO = YES;
				ONLY_ACTIVE_ARCH = YES;
				SDKROOT = macosx;
				SWIFT_OPTIMIZATION_LEVEL = "-Onone";
			};
			name = Debug;
		};
		E11F1FA41EE1B3B4008F9F0F /* Release */ = {
			isa = XCBuildConfiguration;
			buildSettings = {
				ALWAYS_SEARCH_USER_PATHS = NO;
				CLANG_ANALYZER_NONNULL = YES;
				CLANG_ANALYZER_NUMBER_OBJECT_CONVERSION = YES_AGGRESSIVE;
				CLANG_CXX_LANGUAGE_STANDARD = "gnu++0x";
				CLANG_CXX_LIBRARY = "libc++";
				CLANG_ENABLE_MODULES = YES;
				CLANG_ENABLE_OBJC_ARC = YES;
				CLANG_WARN_BLOCK_CAPTURE_AUTORELEASING = YES;
				CLANG_WARN_BOOL_CONVERSION = YES;
				CLANG_WARN_COMMA = YES;
				CLANG_WARN_CONSTANT_CONVERSION = YES;
				CLANG_WARN_DEPRECATED_OBJC_IMPLEMENTATIONS = YES;
				CLANG_WARN_DIRECT_OBJC_ISA_USAGE = YES_ERROR;
				CLANG_WARN_DOCUMENTATION_COMMENTS = NO;
				CLANG_WARN_EMPTY_BODY = YES;
				CLANG_WARN_ENUM_CONVERSION = YES;
				CLANG_WARN_INFINITE_RECURSION = YES;
				CLANG_WARN_INT_CONVERSION = YES;
				CLANG_WARN_NON_LITERAL_NULL_CONVERSION = YES;
				CLANG_WARN_OBJC_IMPLICIT_RETAIN_SELF = YES;
				CLANG_WARN_OBJC_LITERAL_CONVERSION = YES;
				CLANG_WARN_OBJC_ROOT_CLASS = YES_ERROR;
				CLANG_WARN_RANGE_LOOP_ANALYSIS = YES;
				CLANG_WARN_STRICT_PROTOTYPES = YES;
				CLANG_WARN_SUSPICIOUS_MOVE = YES;
				CLANG_WARN_UNREACHABLE_CODE = YES;
				CLANG_WARN__DUPLICATE_METHOD_MATCH = YES;
				CODE_SIGN_IDENTITY = "-";
				COPY_PHASE_STRIP = NO;
				DEBUG_INFORMATION_FORMAT = "dwarf-with-dsym";
				ENABLE_NS_ASSERTIONS = NO;
				ENABLE_STRICT_OBJC_MSGSEND = YES;
				GCC_C_LANGUAGE_STANDARD = gnu99;
				GCC_NO_COMMON_BLOCKS = YES;
				GCC_WARN_64_TO_32_BIT_CONVERSION = YES;
				GCC_WARN_ABOUT_RETURN_TYPE = YES_ERROR;
				GCC_WARN_UNDECLARED_SELECTOR = YES;
				GCC_WARN_UNINITIALIZED_AUTOS = YES_AGGRESSIVE;
				GCC_WARN_UNUSED_FUNCTION = YES;
				GCC_WARN_UNUSED_VARIABLE = YES;
				MACOSX_DEPLOYMENT_TARGET = 10.13;
				MTL_ENABLE_DEBUG_INFO = NO;
				SDKROOT = macosx;
				SWIFT_OPTIMIZATION_LEVEL = "-Owholemodule";
			};
			name = Release;
		};
		E11F1FCB1EE1B521008F9F0F /* Debug */ = {
			isa = XCBuildConfiguration;
			buildSettings = {
				ALWAYS_EMBED_SWIFT_STANDARD_LIBRARIES = YES;
				ASSETCATALOG_COMPILER_APPICON_NAME = AppIcon;
				CLANG_ENABLE_MODULES = YES;
				"CODE_SIGN_IDENTITY[sdk=iphoneos*]" = "iPhone Developer";
				DEVELOPMENT_TEAM = P4K2URYK54;
				FRAMEWORK_SEARCH_PATHS = (
					"$(inherited)",
					"$(PROJECT_DIR)/Carthage/Build/iOS",
					"$(PROJECT_DIR)/MobileLighting_iPhone",
				);
				HEADER_SEARCH_PATHS = "$(PROJECT_DIR)/opencv2.framework/Headers";
				INFOPLIST_FILE = MobileLighting_iPhone/Info.plist;
				IPHONEOS_DEPLOYMENT_TARGET = 11.0;
				LD_RUNPATH_SEARCH_PATHS = "$(inherited) @executable_path/Frameworks";
				LIBRARY_SEARCH_PATHS = "$(inherited)";
				PRODUCT_BUNDLE_IDENTIFIER = "com.example.MobileLighting-iPhone";
				PRODUCT_NAME = "$(TARGET_NAME)";
				SDKROOT = iphoneos;
				SWIFT_ACTIVE_COMPILATION_CONDITIONS = DEBUG;
				SWIFT_OBJC_BRIDGING_HEADER = "$(PROJECT_DIR)/MobileLighting_iPhone/MobileLighting_iPhone_Bridging_Header.h";
				SWIFT_OPTIMIZATION_LEVEL = "-Onone";
				SWIFT_SWIFT3_OBJC_INFERENCE = Default;
				SWIFT_VERSION = 4.0;
				USE_HEADERMAP = YES;
			};
			name = Debug;
		};
		E11F1FCC1EE1B521008F9F0F /* Release */ = {
			isa = XCBuildConfiguration;
			buildSettings = {
				ALWAYS_EMBED_SWIFT_STANDARD_LIBRARIES = YES;
				ASSETCATALOG_COMPILER_APPICON_NAME = AppIcon;
				CLANG_ENABLE_MODULES = YES;
				"CODE_SIGN_IDENTITY[sdk=iphoneos*]" = "iPhone Developer";
				DEVELOPMENT_TEAM = P4K2URYK54;
				FRAMEWORK_SEARCH_PATHS = (
					"$(inherited)",
					"$(PROJECT_DIR)/Carthage/Build/iOS",
					"$(PROJECT_DIR)/MobileLighting_iPhone",
				);
				HEADER_SEARCH_PATHS = "$(PROJECT_DIR)/opencv2.framework/Headers";
				INFOPLIST_FILE = MobileLighting_iPhone/Info.plist;
				IPHONEOS_DEPLOYMENT_TARGET = 11.0;
				LD_RUNPATH_SEARCH_PATHS = "$(inherited) @executable_path/Frameworks";
				LIBRARY_SEARCH_PATHS = "$(inherited)";
				PRODUCT_BUNDLE_IDENTIFIER = "com.example.MobileLighting-iPhone";
				PRODUCT_NAME = "$(TARGET_NAME)";
				SDKROOT = iphoneos;
				SWIFT_OBJC_BRIDGING_HEADER = "$(PROJECT_DIR)/MobileLighting_iPhone/MobileLighting_iPhone_Bridging_Header.h";
				SWIFT_OPTIMIZATION_LEVEL = "-Owholemodule";
				SWIFT_SWIFT3_OBJC_INFERENCE = Default;
				SWIFT_VERSION = 4.0;
				USE_HEADERMAP = YES;
				VALIDATE_PRODUCT = YES;
			};
			name = Release;
		};
		E1682DB420F947C700DF0FD4 /* Debug */ = {
			isa = XCBuildConfiguration;
			buildSettings = {
				ALWAYS_EMBED_SWIFT_STANDARD_LIBRARIES = YES;
				CLANG_CXX_LANGUAGE_STANDARD = "gnu++14";
				CLANG_ENABLE_MODULES = YES;
				CLANG_ENABLE_OBJC_WEAK = YES;
				CLANG_WARN_RANGE_LOOP_ANALYSIS = NO;
				CLANG_WARN_UNGUARDED_AVAILABILITY = YES_AGGRESSIVE;
				CODE_SIGN_IDENTITY = "Mac Developer";
				CODE_SIGN_STYLE = Automatic;
				DEVELOPMENT_TEAM = P4K2URYK54;
				FRAMEWORK_SEARCH_PATHS = (
					"$(inherited)",
					"@rpath",
					"$(PROJECT_DIR)",
					"$(PROJECT_DIR)/Carthage/Build/Mac",
					"$(PROJECT_DIR)/MobileLighting_Mac",
				);
				GCC_C_LANGUAGE_STANDARD = gnu11;
				GCC_WARN_UNUSED_VALUE = YES;
				GCC_WARN_UNUSED_VARIABLE = YES;
				LD_RUNPATH_SEARCH_PATHS = "$(inherited) @executable_path/../Frameworks @loader_path/../Frameworks $(PROJECT_DIR)/MobileLighting_Mac @executable_path";
				LIBRARY_SEARCH_PATHS = (
					"$(inherited)",
					/usr/local/Cellar/opencv/3.4.1_5/lib,
					/usr/local/Cellar/libpng/1.6.34/lib,
					"$(PROJECT_DIR)/MobileLighting_Mac/activeLighting/imageLib",
					"$(PROJECT_DIR)/MobileLighting_Mac/activeLighting",
					"$(PROJECT_DIR)/MobileLighting_Mac/calib",
				);
				PRODUCT_NAME = "$(TARGET_NAME)";
				SWIFT_ACTIVE_COMPILATION_CONDITIONS = DEBUG;
				SWIFT_OBJC_BRIDGING_HEADER = "MobileLighting_Mac/MobileLighting_Mac-Bridging-Header.h";
				SWIFT_OPTIMIZATION_LEVEL = "-Onone";
				SWIFT_SWIFT3_OBJC_INFERENCE = On;
				SWIFT_VERSION = 4.0;
			};
			name = Debug;
		};
		E1682DB520F947C700DF0FD4 /* Release */ = {
			isa = XCBuildConfiguration;
			buildSettings = {
				ALWAYS_EMBED_SWIFT_STANDARD_LIBRARIES = YES;
				CLANG_CXX_LANGUAGE_STANDARD = "gnu++14";
				CLANG_ENABLE_MODULES = YES;
				CLANG_ENABLE_OBJC_WEAK = YES;
				CLANG_WARN_RANGE_LOOP_ANALYSIS = NO;
				CLANG_WARN_UNGUARDED_AVAILABILITY = YES_AGGRESSIVE;
				CODE_SIGN_IDENTITY = "Mac Developer";
				CODE_SIGN_STYLE = Automatic;
				DEVELOPMENT_TEAM = P4K2URYK54;
				FRAMEWORK_SEARCH_PATHS = (
					"$(inherited)",
					"@rpath",
					"$(PROJECT_DIR)",
					"$(PROJECT_DIR)/Carthage/Build/Mac",
					"$(PROJECT_DIR)/MobileLighting_Mac",
				);
				GCC_C_LANGUAGE_STANDARD = gnu11;
				GCC_WARN_UNUSED_VALUE = YES;
				GCC_WARN_UNUSED_VARIABLE = YES;
				LD_RUNPATH_SEARCH_PATHS = "$(inherited) @executable_path/../Frameworks @loader_path/../Frameworks $(PROJECT_DIR)/MobileLighting_Mac @executable_path";
				LIBRARY_SEARCH_PATHS = (
					"$(inherited)",
					/usr/local/Cellar/opencv/3.4.1_5/lib,
					/usr/local/Cellar/libpng/1.6.34/lib,
					"$(PROJECT_DIR)/MobileLighting_Mac/activeLighting/imageLib",
					"$(PROJECT_DIR)/MobileLighting_Mac/activeLighting",
					"$(PROJECT_DIR)/MobileLighting_Mac/calib",
				);
				PRODUCT_NAME = "$(TARGET_NAME)";
				SWIFT_OBJC_BRIDGING_HEADER = "MobileLighting_Mac/MobileLighting_Mac-Bridging-Header.h";
				SWIFT_SWIFT3_OBJC_INFERENCE = On;
				SWIFT_VERSION = 4.0;
			};
			name = Release;
		};
/* End XCBuildConfiguration section */

/* Begin XCConfigurationList section */
		E11F1F991EE1B3B4008F9F0F /* Build configuration list for PBXProject "MobileLighting" */ = {
			isa = XCConfigurationList;
			buildConfigurations = (
				E11F1FA31EE1B3B4008F9F0F /* Debug */,
				E11F1FA41EE1B3B4008F9F0F /* Release */,
			);
			defaultConfigurationIsVisible = 0;
			defaultConfigurationName = Release;
		};
		E11F1FCA1EE1B521008F9F0F /* Build configuration list for PBXNativeTarget "MobileLighting_iPhone" */ = {
			isa = XCConfigurationList;
			buildConfigurations = (
				E11F1FCB1EE1B521008F9F0F /* Debug */,
				E11F1FCC1EE1B521008F9F0F /* Release */,
			);
			defaultConfigurationIsVisible = 0;
			defaultConfigurationName = Release;
		};
		E1682DC220F947C700DF0FD4 /* Build configuration list for PBXNativeTarget "MobileLighting_Mac" */ = {
			isa = XCConfigurationList;
			buildConfigurations = (
				E1682DB420F947C700DF0FD4 /* Debug */,
				E1682DB520F947C700DF0FD4 /* Release */,
			);
			defaultConfigurationIsVisible = 0;
			defaultConfigurationName = Release;
		};
/* End XCConfigurationList section */
	};
	rootObject = E11F1F961EE1B3B4008F9F0F /* Project object */;
}
